
Microsoft Visual Studio Solution File, Format Version 12.00
# Visual Studio Version 16
VisualStudioVersion = 16.0.30204.135
MinimumVisualStudioVersion = 10.0.40219.1
Project("{9A19103F-16F7-4668-BE54-9A1E7A4F7556}") = "MPlayerMaster", "Master\MPlayerMaster.csproj", "{A6B58520-EBA0-4CCF-BFA8-EF82174E075A}"
EndProject
Project("{9A19103F-16F7-4668-BE54-9A1E7A4F7556}") = "EltraNavigoMPlayer", "Navigo\EltraNavigoMPlayer\EltraNavigoMPlayer.csproj", "{56E52998-6513-482B-AE73-0E64C1D28E29}"
EndProject
Project("{2150E333-8FDC-42A3-9474-1A3956D46DE8}") = "Master", "Master", "{7C944C0C-DCF1-4110-AF18-8D36F226C8BA}"
EndProject
Project("{2150E333-8FDC-42A3-9474-1A3956D46DE8}") = "Navigo", "Navigo", "{B4D534DB-C3B6-497C-8A32-7D62AE597AC0}"
EndProject
Project("{2150E333-8FDC-42A3-9474-1A3956D46DE8}") = "CLI", "CLI", "{077F29CA-176D-4ECF-A253-EF182D8BDDF4}"
EndProject
Project("{9A19103F-16F7-4668-BE54-9A1E7A4F7556}") = "EltraNavigoHashGen", "..\..\xternals\common\EltraNavigoHashGen\EltraNavigoHashGen.csproj", "{D3830F09-3E81-4082-99F5-5BED14BDF96C}"
EndProject
Project("{FAE04EC0-301F-11D3-BF4B-00C04F79EFBC}") = "MPlayerCommon", "Common\MPlayerCommon\MPlayerCommon.csproj", "{71300758-8AB3-43AF-B313-A53DC0F543F7}"
EndProject
Global
	GlobalSection(SolutionConfigurationPlatforms) = preSolution
		Debug|Any CPU = Debug|Any CPU
		Release|Any CPU = Release|Any CPU
	EndGlobalSection
	GlobalSection(ProjectConfigurationPlatforms) = postSolution
		{A6B58520-EBA0-4CCF-BFA8-EF82174E075A}.Debug|Any CPU.ActiveCfg = Debug|Any CPU
		{A6B58520-EBA0-4CCF-BFA8-EF82174E075A}.Debug|Any CPU.Build.0 = Debug|Any CPU
		{A6B58520-EBA0-4CCF-BFA8-EF82174E075A}.Release|Any CPU.ActiveCfg = Release|Any CPU
		{A6B58520-EBA0-4CCF-BFA8-EF82174E075A}.Release|Any CPU.Build.0 = Release|Any CPU
		{56E52998-6513-482B-AE73-0E64C1D28E29}.Debug|Any CPU.ActiveCfg = Debug|Any CPU
		{56E52998-6513-482B-AE73-0E64C1D28E29}.Debug|Any CPU.Build.0 = Debug|Any CPU
		{56E52998-6513-482B-AE73-0E64C1D28E29}.Release|Any CPU.ActiveCfg = Release|Any CPU
		{56E52998-6513-482B-AE73-0E64C1D28E29}.Release|Any CPU.Build.0 = Release|Any CPU
		{D3830F09-3E81-4082-99F5-5BED14BDF96C}.Debug|Any CPU.ActiveCfg = Debug|Any CPU
		{D3830F09-3E81-4082-99F5-5BED14BDF96C}.Debug|Any CPU.Build.0 = Debug|Any CPU
		{D3830F09-3E81-4082-99F5-5BED14BDF96C}.Release|Any CPU.ActiveCfg = Release|Any CPU
		{D3830F09-3E81-4082-99F5-5BED14BDF96C}.Release|Any CPU.Build.0 = Release|Any CPU
		{71300758-8AB3-43AF-B313-A53DC0F543F7}.Debug|Any CPU.ActiveCfg = Debug|Any CPU
		{71300758-8AB3-43AF-B313-A53DC0F543F7}.Debug|Any CPU.Build.0 = Debug|Any CPU
		{71300758-8AB3-43AF-B313-A53DC0F543F7}.Release|Any CPU.ActiveCfg = Release|Any CPU
		{71300758-8AB3-43AF-B313-A53DC0F543F7}.Release|Any CPU.Build.0 = Release|Any CPU
	EndGlobalSection
	GlobalSection(SolutionProperties) = preSolution
		HideSolutionNode = FALSE
	EndGlobalSection
	GlobalSection(NestedProjects) = preSolution
		{A6B58520-EBA0-4CCF-BFA8-EF82174E075A} = {7C944C0C-DCF1-4110-AF18-8D36F226C8BA}
		{56E52998-6513-482B-AE73-0E64C1D28E29} = {B4D534DB-C3B6-497C-8A32-7D62AE597AC0}
		{D3830F09-3E81-4082-99F5-5BED14BDF96C} = {077F29CA-176D-4ECF-A253-EF182D8BDDF4}
	EndGlobalSection
	GlobalSection(ExtensibilityGlobals) = postSolution
		SolutionGuid = {557D5953-C783-4F41-B460-CF09AD3AC4F9}
	EndGlobalSection
EndGlobal
