
Microsoft Visual Studio Solution File, Format Version 12.00
# Visual Studio Version 16
VisualStudioVersion = 16.0.28803.156
MinimumVisualStudioVersion = 10.0.40219.1
Project("{9A19103F-16F7-4668-BE54-9A1E7A4F7556}") = "EltraCloud", "EltraCloud\EltraCloud.csproj", "{294B90A8-1A43-4CD4-A184-B6B2354AD366}"
EndProject
Project("{9A19103F-16F7-4668-BE54-9A1E7A4F7556}") = "EltraCloudStorage", "EltraCloudStorage\EltraCloudStorage.csproj", "{131AB681-5AE9-4247-B803-31657DA722C1}"
EndProject
Project("{9A19103F-16F7-4668-BE54-9A1E7A4F7556}") = "EltraCommon", "..\xternals\Common\EltraCommon\EltraCommon.csproj", "{11422E83-E976-44A1-8D3C-00382F774833}"
EndProject
Project("{9A19103F-16F7-4668-BE54-9A1E7A4F7556}") = "EltraCloudContracts", "..\xternals\Common\EltraCloudContracts\EltraCloudContracts.csproj", "{7BCF0435-542A-4343-9C50-3D218C6FC2CE}"
EndProject
Project("{9A19103F-16F7-4668-BE54-9A1E7A4F7556}") = "EltraResources", "..\xternals\Common\EltraResources\EltraResources.csproj", "{F9C9A9EE-98A7-4314-9401-782BBC81397A}"
EndProject
Global
	GlobalSection(SolutionConfigurationPlatforms) = preSolution
		Debug|Any CPU = Debug|Any CPU
		Release|Any CPU = Release|Any CPU
	EndGlobalSection
	GlobalSection(ProjectConfigurationPlatforms) = postSolution
		{294B90A8-1A43-4CD4-A184-B6B2354AD366}.Debug|Any CPU.ActiveCfg = Debug|Any CPU
		{294B90A8-1A43-4CD4-A184-B6B2354AD366}.Debug|Any CPU.Build.0 = Debug|Any CPU
		{294B90A8-1A43-4CD4-A184-B6B2354AD366}.Release|Any CPU.ActiveCfg = Release|Any CPU
		{294B90A8-1A43-4CD4-A184-B6B2354AD366}.Release|Any CPU.Build.0 = Release|Any CPU
		{131AB681-5AE9-4247-B803-31657DA722C1}.Debug|Any CPU.ActiveCfg = Debug|Any CPU
		{131AB681-5AE9-4247-B803-31657DA722C1}.Debug|Any CPU.Build.0 = Debug|Any CPU
		{131AB681-5AE9-4247-B803-31657DA722C1}.Release|Any CPU.ActiveCfg = Release|Any CPU
		{131AB681-5AE9-4247-B803-31657DA722C1}.Release|Any CPU.Build.0 = Release|Any CPU
		{11422E83-E976-44A1-8D3C-00382F774833}.Debug|Any CPU.ActiveCfg = Debug|Any CPU
		{11422E83-E976-44A1-8D3C-00382F774833}.Debug|Any CPU.Build.0 = Debug|Any CPU
		{11422E83-E976-44A1-8D3C-00382F774833}.Release|Any CPU.ActiveCfg = Release|Any CPU
		{11422E83-E976-44A1-8D3C-00382F774833}.Release|Any CPU.Build.0 = Release|Any CPU
		{7BCF0435-542A-4343-9C50-3D218C6FC2CE}.Debug|Any CPU.ActiveCfg = Debug|Any CPU
		{7BCF0435-542A-4343-9C50-3D218C6FC2CE}.Debug|Any CPU.Build.0 = Debug|Any CPU
		{7BCF0435-542A-4343-9C50-3D218C6FC2CE}.Release|Any CPU.ActiveCfg = Release|Any CPU
		{7BCF0435-542A-4343-9C50-3D218C6FC2CE}.Release|Any CPU.Build.0 = Release|Any CPU
		{F9C9A9EE-98A7-4314-9401-782BBC81397A}.Debug|Any CPU.ActiveCfg = Debug|Any CPU
		{F9C9A9EE-98A7-4314-9401-782BBC81397A}.Debug|Any CPU.Build.0 = Debug|Any CPU
		{F9C9A9EE-98A7-4314-9401-782BBC81397A}.Release|Any CPU.ActiveCfg = Release|Any CPU
		{F9C9A9EE-98A7-4314-9401-782BBC81397A}.Release|Any CPU.Build.0 = Release|Any CPU
	EndGlobalSection
	GlobalSection(SolutionProperties) = preSolution
		HideSolutionNode = FALSE
	EndGlobalSection
	GlobalSection(ExtensibilityGlobals) = postSolution
		SolutionGuid = {F63517CB-5DA6-402B-827C-240F1506C74C}
	EndGlobalSection
EndGlobal
