
Microsoft Visual Studio Solution File, Format Version 12.00
# Visual Studio Version 16
VisualStudioVersion = 16.0.28803.156
MinimumVisualStudioVersion = 10.0.40219.1
Project("{9A19103F-16F7-4668-BE54-9A1E7A4F7556}") = "EltraConnector", "connect\EltraConnector\EltraConnector.csproj", "{A9E7EF16-7713-4CA3-8C4F-2915C579194F}"
EndProject
Project("{9A19103F-16F7-4668-BE54-9A1E7A4F7556}") = "TestEltraConnector", "unittests\TestEltraConnector\TestEltraConnector.csproj", "{DF75143E-0633-4F42-AB4D-E0B146730C20}"
EndProject
Project("{9A19103F-16F7-4668-BE54-9A1E7A4F7556}") = "EltraXamCommon", "ui\common\EltraXamCommon\EltraXamCommon.csproj", "{027F6343-5B8B-4C3F-A030-7043E67E033E}"
EndProject
Project("{9A19103F-16F7-4668-BE54-9A1E7A4F7556}") = "EltraUiCommon", "ui\common\EltraUiCommon\EltraUiCommon.csproj", "{10E1C41B-B85C-437E-BBF9-D1FC9787A5B5}"
EndProject
Project("{9A19103F-16F7-4668-BE54-9A1E7A4F7556}") = "TestMaster", "unittests\TestMaster\TestMaster.csproj", "{19B5EA1B-7FD4-4EB6-A0C3-B3ECBE4D631A}"
EndProject
Project("{9A19103F-16F7-4668-BE54-9A1E7A4F7556}") = "EltraMasterWatchDog", "watchdog\EltraMasterWatchDog\EltraMasterWatchDog.csproj", "{87FA7192-571B-4291-BE28-C1E18A16E1CE}"
EndProject
Project("{2150E333-8FDC-42A3-9474-1A3956D46DE8}") = "common", "common", "{4C87799D-4992-41C8-AD37-92489B29EF2C}"
EndProject
Project("{2150E333-8FDC-42A3-9474-1A3956D46DE8}") = "ui", "ui", "{CF6910DE-16A0-4F0F-B090-B7AD107E452F}"
EndProject
Project("{2150E333-8FDC-42A3-9474-1A3956D46DE8}") = "Tests", "Tests", "{FFF01CB9-2E28-421F-BC46-CD6113C13F84}"
EndProject
Project("{2150E333-8FDC-42A3-9474-1A3956D46DE8}") = "Tools", "Tools", "{42F0EA2F-4B38-423E-BB76-C16D204EDB0B}"
EndProject
Project("{9A19103F-16F7-4668-BE54-9A1E7A4F7556}") = "EltraCommonBase", "..\eltra-common\EltraCommonBase\EltraCommonBase.csproj", "{EF075A25-A0A5-42BF-A0EA-22371F0F3480}"
EndProject
Project("{9A19103F-16F7-4668-BE54-9A1E7A4F7556}") = "EltraLogger", "..\eltra-common\EltraLogger\EltraLogger.csproj", "{CC86A261-BC57-4499-9C89-518856A989F3}"
EndProject
Project("{9A19103F-16F7-4668-BE54-9A1E7A4F7556}") = "EltraCommon", "..\eltra-common\EltraCommon\EltraCommon.csproj", "{210D9284-A531-48A6-8382-26A9259F403E}"
EndProject
Global
	GlobalSection(SolutionConfigurationPlatforms) = preSolution
		Debug - UWP|Any CPU = Debug - UWP|Any CPU
		Debug|Any CPU = Debug|Any CPU
		Release|Any CPU = Release|Any CPU
	EndGlobalSection
	GlobalSection(ProjectConfigurationPlatforms) = postSolution
		{A9E7EF16-7713-4CA3-8C4F-2915C579194F}.Debug - UWP|Any CPU.ActiveCfg = Debug - UWP|Any CPU
		{A9E7EF16-7713-4CA3-8C4F-2915C579194F}.Debug - UWP|Any CPU.Build.0 = Debug - UWP|Any CPU
		{A9E7EF16-7713-4CA3-8C4F-2915C579194F}.Debug|Any CPU.ActiveCfg = Debug|Any CPU
		{A9E7EF16-7713-4CA3-8C4F-2915C579194F}.Debug|Any CPU.Build.0 = Debug|Any CPU
		{A9E7EF16-7713-4CA3-8C4F-2915C579194F}.Release|Any CPU.ActiveCfg = Release|Any CPU
		{A9E7EF16-7713-4CA3-8C4F-2915C579194F}.Release|Any CPU.Build.0 = Release|Any CPU
		{DF75143E-0633-4F42-AB4D-E0B146730C20}.Debug - UWP|Any CPU.ActiveCfg = Debug|Any CPU
		{DF75143E-0633-4F42-AB4D-E0B146730C20}.Debug - UWP|Any CPU.Build.0 = Debug|Any CPU
		{DF75143E-0633-4F42-AB4D-E0B146730C20}.Debug|Any CPU.ActiveCfg = Debug|Any CPU
		{DF75143E-0633-4F42-AB4D-E0B146730C20}.Debug|Any CPU.Build.0 = Debug|Any CPU
		{DF75143E-0633-4F42-AB4D-E0B146730C20}.Release|Any CPU.ActiveCfg = Release|Any CPU
		{DF75143E-0633-4F42-AB4D-E0B146730C20}.Release|Any CPU.Build.0 = Release|Any CPU
		{027F6343-5B8B-4C3F-A030-7043E67E033E}.Debug - UWP|Any CPU.ActiveCfg = Debug - UWP|Any CPU
		{027F6343-5B8B-4C3F-A030-7043E67E033E}.Debug - UWP|Any CPU.Build.0 = Debug - UWP|Any CPU
		{027F6343-5B8B-4C3F-A030-7043E67E033E}.Debug|Any CPU.ActiveCfg = Debug|Any CPU
		{027F6343-5B8B-4C3F-A030-7043E67E033E}.Debug|Any CPU.Build.0 = Debug|Any CPU
		{027F6343-5B8B-4C3F-A030-7043E67E033E}.Release|Any CPU.ActiveCfg = Release|Any CPU
		{027F6343-5B8B-4C3F-A030-7043E67E033E}.Release|Any CPU.Build.0 = Release|Any CPU
		{10E1C41B-B85C-437E-BBF9-D1FC9787A5B5}.Debug - UWP|Any CPU.ActiveCfg = Debug - UWP|Any CPU
		{10E1C41B-B85C-437E-BBF9-D1FC9787A5B5}.Debug - UWP|Any CPU.Build.0 = Debug - UWP|Any CPU
		{10E1C41B-B85C-437E-BBF9-D1FC9787A5B5}.Debug|Any CPU.ActiveCfg = Debug|Any CPU
		{10E1C41B-B85C-437E-BBF9-D1FC9787A5B5}.Debug|Any CPU.Build.0 = Debug|Any CPU
		{10E1C41B-B85C-437E-BBF9-D1FC9787A5B5}.Release|Any CPU.ActiveCfg = Release|Any CPU
		{10E1C41B-B85C-437E-BBF9-D1FC9787A5B5}.Release|Any CPU.Build.0 = Release|Any CPU
		{19B5EA1B-7FD4-4EB6-A0C3-B3ECBE4D631A}.Debug - UWP|Any CPU.ActiveCfg = Debug|Any CPU
		{19B5EA1B-7FD4-4EB6-A0C3-B3ECBE4D631A}.Debug - UWP|Any CPU.Build.0 = Debug|Any CPU
		{19B5EA1B-7FD4-4EB6-A0C3-B3ECBE4D631A}.Debug|Any CPU.ActiveCfg = Debug|Any CPU
		{19B5EA1B-7FD4-4EB6-A0C3-B3ECBE4D631A}.Debug|Any CPU.Build.0 = Debug|Any CPU
		{19B5EA1B-7FD4-4EB6-A0C3-B3ECBE4D631A}.Release|Any CPU.ActiveCfg = Release|Any CPU
		{19B5EA1B-7FD4-4EB6-A0C3-B3ECBE4D631A}.Release|Any CPU.Build.0 = Release|Any CPU
		{87FA7192-571B-4291-BE28-C1E18A16E1CE}.Debug - UWP|Any CPU.ActiveCfg = Debug|Any CPU
		{87FA7192-571B-4291-BE28-C1E18A16E1CE}.Debug - UWP|Any CPU.Build.0 = Debug|Any CPU
		{87FA7192-571B-4291-BE28-C1E18A16E1CE}.Debug|Any CPU.ActiveCfg = Debug|Any CPU
		{87FA7192-571B-4291-BE28-C1E18A16E1CE}.Debug|Any CPU.Build.0 = Debug|Any CPU
		{87FA7192-571B-4291-BE28-C1E18A16E1CE}.Release|Any CPU.ActiveCfg = Release|Any CPU
		{87FA7192-571B-4291-BE28-C1E18A16E1CE}.Release|Any CPU.Build.0 = Release|Any CPU
		{EF075A25-A0A5-42BF-A0EA-22371F0F3480}.Debug - UWP|Any CPU.ActiveCfg = Debug|Any CPU
		{EF075A25-A0A5-42BF-A0EA-22371F0F3480}.Debug - UWP|Any CPU.Build.0 = Debug|Any CPU
		{EF075A25-A0A5-42BF-A0EA-22371F0F3480}.Debug|Any CPU.ActiveCfg = Debug|Any CPU
		{EF075A25-A0A5-42BF-A0EA-22371F0F3480}.Debug|Any CPU.Build.0 = Debug|Any CPU
		{EF075A25-A0A5-42BF-A0EA-22371F0F3480}.Release|Any CPU.ActiveCfg = Release|Any CPU
		{EF075A25-A0A5-42BF-A0EA-22371F0F3480}.Release|Any CPU.Build.0 = Release|Any CPU
		{CC86A261-BC57-4499-9C89-518856A989F3}.Debug - UWP|Any CPU.ActiveCfg = Debug|Any CPU
		{CC86A261-BC57-4499-9C89-518856A989F3}.Debug - UWP|Any CPU.Build.0 = Debug|Any CPU
		{CC86A261-BC57-4499-9C89-518856A989F3}.Debug|Any CPU.ActiveCfg = Debug|Any CPU
		{CC86A261-BC57-4499-9C89-518856A989F3}.Debug|Any CPU.Build.0 = Debug|Any CPU
		{CC86A261-BC57-4499-9C89-518856A989F3}.Release|Any CPU.ActiveCfg = Release|Any CPU
		{CC86A261-BC57-4499-9C89-518856A989F3}.Release|Any CPU.Build.0 = Release|Any CPU
		{210D9284-A531-48A6-8382-26A9259F403E}.Debug - UWP|Any CPU.ActiveCfg = Debug - UWP|Any CPU
		{210D9284-A531-48A6-8382-26A9259F403E}.Debug - UWP|Any CPU.Build.0 = Debug - UWP|Any CPU
		{210D9284-A531-48A6-8382-26A9259F403E}.Debug|Any CPU.ActiveCfg = Debug|Any CPU
		{210D9284-A531-48A6-8382-26A9259F403E}.Debug|Any CPU.Build.0 = Debug|Any CPU
		{210D9284-A531-48A6-8382-26A9259F403E}.Release|Any CPU.ActiveCfg = Release|Any CPU
		{210D9284-A531-48A6-8382-26A9259F403E}.Release|Any CPU.Build.0 = Release|Any CPU
	EndGlobalSection
	GlobalSection(SolutionProperties) = preSolution
		HideSolutionNode = FALSE
	EndGlobalSection
	GlobalSection(NestedProjects) = preSolution
		{DF75143E-0633-4F42-AB4D-E0B146730C20} = {FFF01CB9-2E28-421F-BC46-CD6113C13F84}
		{027F6343-5B8B-4C3F-A030-7043E67E033E} = {CF6910DE-16A0-4F0F-B090-B7AD107E452F}
		{10E1C41B-B85C-437E-BBF9-D1FC9787A5B5} = {CF6910DE-16A0-4F0F-B090-B7AD107E452F}
		{19B5EA1B-7FD4-4EB6-A0C3-B3ECBE4D631A} = {FFF01CB9-2E28-421F-BC46-CD6113C13F84}
		{87FA7192-571B-4291-BE28-C1E18A16E1CE} = {42F0EA2F-4B38-423E-BB76-C16D204EDB0B}
		{EF075A25-A0A5-42BF-A0EA-22371F0F3480} = {4C87799D-4992-41C8-AD37-92489B29EF2C}
		{CC86A261-BC57-4499-9C89-518856A989F3} = {4C87799D-4992-41C8-AD37-92489B29EF2C}
		{210D9284-A531-48A6-8382-26A9259F403E} = {4C87799D-4992-41C8-AD37-92489B29EF2C}
	EndGlobalSection
	GlobalSection(ExtensibilityGlobals) = postSolution
		SolutionGuid = {3F78AC7E-CC0B-4FA9-93A8-9D1F9CB30945}
	EndGlobalSection
EndGlobal
