
Microsoft Visual Studio Solution File, Format Version 12.00
# Visual Studio Version 16
VisualStudioVersion = 16.0.29424.173
MinimumVisualStudioVersion = 10.0.40219.1
Project("{9A19103F-16F7-4668-BE54-9A1E7A4F7556}") = "ThermoMaster", "master\ThermoMaster\ThermoMaster.csproj", "{FB0C4289-29CF-419B-BA43-BB15E1CD174F}"
EndProject
Project("{9A19103F-16F7-4668-BE54-9A1E7A4F7556}") = "ThermoMasterConsole", "master\ThermoMasterConsole\ThermoMasterConsole.csproj", "{9B7A33CE-71E2-4949-8082-FA021D0B7A7A}"
EndProject
Project("{9A19103F-16F7-4668-BE54-9A1E7A4F7556}") = "EltraCloudContracts", "xternals\common\EltraCloudContracts\EltraCloudContracts.csproj", "{798E5C0C-D180-41CE-923F-6DE6DDFD92CB}"
EndProject
Project("{9A19103F-16F7-4668-BE54-9A1E7A4F7556}") = "EltraCommon", "xternals\common\EltraCommon\EltraCommon.csproj", "{879379AB-1A45-4839-98B0-632855A9D314}"
EndProject
Project("{9A19103F-16F7-4668-BE54-9A1E7A4F7556}") = "EltraResources", "xternals\common\EltraResources\EltraResources.csproj", "{DCA2E027-771F-4BC1-836C-59634213C3FA}"
EndProject
Project("{9A19103F-16F7-4668-BE54-9A1E7A4F7556}") = "EltraConnector", "xternals\connect\EltraConnector\EltraConnector.csproj", "{5861D10B-3A58-4AB4-AA26-C07EC8CC30BC}"
EndProject
Project("{9A19103F-16F7-4668-BE54-9A1E7A4F7556}") = "Thermometer", "master\Thermometer\Thermometer.csproj", "{1D0FD93F-D665-430F-B2D1-6F62D1DDA851}"
EndProject
Project("{9A19103F-16F7-4668-BE54-9A1E7A4F7556}") = "ThermometerConsole", "master\ThermometerConsole\ThermometerConsole.csproj", "{FA1B340F-FB1E-4A46-A082-8D290527B2A1}"
EndProject
Project("{9A19103F-16F7-4668-BE54-9A1E7A4F7556}") = "EltraCloud", "cloud\EltraCloud\EltraCloud.csproj", "{9FC5A7F8-E473-43FB-96F5-3A42D60E85B4}"
EndProject
Project("{9A19103F-16F7-4668-BE54-9A1E7A4F7556}") = "EltraCloudStorage", "cloud\EltraCloudStorage\EltraCloudStorage.csproj", "{B601BC70-ADD2-40BC-B78C-3EFF2A8EAF52}"
EndProject
Project("{9A19103F-16F7-4668-BE54-9A1E7A4F7556}") = "EltraNavigo", "navigo\EltraNavigo\EltraNavigo\EltraNavigo.csproj", "{D6FC117A-C231-44BE-BAF6-9A9E0618B3F1}"
EndProject
Project("{FAE04EC0-301F-11D3-BF4B-00C04F79EFBC}") = "EltraNavigo.Android", "navigo\EltraNavigo\EltraNavigo.Android\EltraNavigo.Android.csproj", "{209F3E34-7714-4342-A2D4-AC5D3B276262}"
EndProject
Project("{FAE04EC0-301F-11D3-BF4B-00C04F79EFBC}") = "EltraNavigo.iOS", "navigo\EltraNavigo\EltraNavigo.iOS\EltraNavigo.iOS.csproj", "{0E3B9588-EDC0-4051-B602-55A10DAD6105}"
EndProject
Project("{FAE04EC0-301F-11D3-BF4B-00C04F79EFBC}") = "EltraNavigo.UWP", "navigo\EltraNavigo\EltraNavigo.UWP\EltraNavigo.UWP.csproj", "{4B50FCDE-19AC-42B7-BA07-471EC65B9E55}"
EndProject
Global
	GlobalSection(SolutionConfigurationPlatforms) = preSolution
		Debug|Any CPU = Debug|Any CPU
		Debug|ARM = Debug|ARM
		Debug|iPhone = Debug|iPhone
		Debug|iPhoneSimulator = Debug|iPhoneSimulator
		Debug|x64 = Debug|x64
		Debug|x86 = Debug|x86
		Release|Any CPU = Release|Any CPU
		Release|ARM = Release|ARM
		Release|iPhone = Release|iPhone
		Release|iPhoneSimulator = Release|iPhoneSimulator
		Release|x64 = Release|x64
		Release|x86 = Release|x86
	EndGlobalSection
	GlobalSection(ProjectConfigurationPlatforms) = postSolution
		{FB0C4289-29CF-419B-BA43-BB15E1CD174F}.Debug|Any CPU.ActiveCfg = Debug|Any CPU
		{FB0C4289-29CF-419B-BA43-BB15E1CD174F}.Debug|Any CPU.Build.0 = Debug|Any CPU
		{FB0C4289-29CF-419B-BA43-BB15E1CD174F}.Debug|ARM.ActiveCfg = Debug|Any CPU
		{FB0C4289-29CF-419B-BA43-BB15E1CD174F}.Debug|ARM.Build.0 = Debug|Any CPU
		{FB0C4289-29CF-419B-BA43-BB15E1CD174F}.Debug|iPhone.ActiveCfg = Debug|Any CPU
		{FB0C4289-29CF-419B-BA43-BB15E1CD174F}.Debug|iPhone.Build.0 = Debug|Any CPU
		{FB0C4289-29CF-419B-BA43-BB15E1CD174F}.Debug|iPhoneSimulator.ActiveCfg = Debug|Any CPU
		{FB0C4289-29CF-419B-BA43-BB15E1CD174F}.Debug|iPhoneSimulator.Build.0 = Debug|Any CPU
		{FB0C4289-29CF-419B-BA43-BB15E1CD174F}.Debug|x64.ActiveCfg = Debug|Any CPU
		{FB0C4289-29CF-419B-BA43-BB15E1CD174F}.Debug|x64.Build.0 = Debug|Any CPU
		{FB0C4289-29CF-419B-BA43-BB15E1CD174F}.Debug|x86.ActiveCfg = Debug|Any CPU
		{FB0C4289-29CF-419B-BA43-BB15E1CD174F}.Debug|x86.Build.0 = Debug|Any CPU
		{FB0C4289-29CF-419B-BA43-BB15E1CD174F}.Release|Any CPU.ActiveCfg = Release|Any CPU
		{FB0C4289-29CF-419B-BA43-BB15E1CD174F}.Release|Any CPU.Build.0 = Release|Any CPU
		{FB0C4289-29CF-419B-BA43-BB15E1CD174F}.Release|ARM.ActiveCfg = Release|Any CPU
		{FB0C4289-29CF-419B-BA43-BB15E1CD174F}.Release|ARM.Build.0 = Release|Any CPU
		{FB0C4289-29CF-419B-BA43-BB15E1CD174F}.Release|iPhone.ActiveCfg = Release|Any CPU
		{FB0C4289-29CF-419B-BA43-BB15E1CD174F}.Release|iPhone.Build.0 = Release|Any CPU
		{FB0C4289-29CF-419B-BA43-BB15E1CD174F}.Release|iPhoneSimulator.ActiveCfg = Release|Any CPU
		{FB0C4289-29CF-419B-BA43-BB15E1CD174F}.Release|iPhoneSimulator.Build.0 = Release|Any CPU
		{FB0C4289-29CF-419B-BA43-BB15E1CD174F}.Release|x64.ActiveCfg = Release|Any CPU
		{FB0C4289-29CF-419B-BA43-BB15E1CD174F}.Release|x64.Build.0 = Release|Any CPU
		{FB0C4289-29CF-419B-BA43-BB15E1CD174F}.Release|x86.ActiveCfg = Release|Any CPU
		{FB0C4289-29CF-419B-BA43-BB15E1CD174F}.Release|x86.Build.0 = Release|Any CPU
		{9B7A33CE-71E2-4949-8082-FA021D0B7A7A}.Debug|Any CPU.ActiveCfg = Debug|Any CPU
		{9B7A33CE-71E2-4949-8082-FA021D0B7A7A}.Debug|Any CPU.Build.0 = Debug|Any CPU
		{9B7A33CE-71E2-4949-8082-FA021D0B7A7A}.Debug|ARM.ActiveCfg = Debug|Any CPU
		{9B7A33CE-71E2-4949-8082-FA021D0B7A7A}.Debug|ARM.Build.0 = Debug|Any CPU
		{9B7A33CE-71E2-4949-8082-FA021D0B7A7A}.Debug|iPhone.ActiveCfg = Debug|Any CPU
		{9B7A33CE-71E2-4949-8082-FA021D0B7A7A}.Debug|iPhone.Build.0 = Debug|Any CPU
		{9B7A33CE-71E2-4949-8082-FA021D0B7A7A}.Debug|iPhoneSimulator.ActiveCfg = Debug|Any CPU
		{9B7A33CE-71E2-4949-8082-FA021D0B7A7A}.Debug|iPhoneSimulator.Build.0 = Debug|Any CPU
		{9B7A33CE-71E2-4949-8082-FA021D0B7A7A}.Debug|x64.ActiveCfg = Debug|Any CPU
		{9B7A33CE-71E2-4949-8082-FA021D0B7A7A}.Debug|x64.Build.0 = Debug|Any CPU
		{9B7A33CE-71E2-4949-8082-FA021D0B7A7A}.Debug|x86.ActiveCfg = Debug|Any CPU
		{9B7A33CE-71E2-4949-8082-FA021D0B7A7A}.Debug|x86.Build.0 = Debug|Any CPU
		{9B7A33CE-71E2-4949-8082-FA021D0B7A7A}.Release|Any CPU.ActiveCfg = Release|Any CPU
		{9B7A33CE-71E2-4949-8082-FA021D0B7A7A}.Release|Any CPU.Build.0 = Release|Any CPU
		{9B7A33CE-71E2-4949-8082-FA021D0B7A7A}.Release|ARM.ActiveCfg = Release|Any CPU
		{9B7A33CE-71E2-4949-8082-FA021D0B7A7A}.Release|ARM.Build.0 = Release|Any CPU
		{9B7A33CE-71E2-4949-8082-FA021D0B7A7A}.Release|iPhone.ActiveCfg = Release|Any CPU
		{9B7A33CE-71E2-4949-8082-FA021D0B7A7A}.Release|iPhone.Build.0 = Release|Any CPU
		{9B7A33CE-71E2-4949-8082-FA021D0B7A7A}.Release|iPhoneSimulator.ActiveCfg = Release|Any CPU
		{9B7A33CE-71E2-4949-8082-FA021D0B7A7A}.Release|iPhoneSimulator.Build.0 = Release|Any CPU
		{9B7A33CE-71E2-4949-8082-FA021D0B7A7A}.Release|x64.ActiveCfg = Release|Any CPU
		{9B7A33CE-71E2-4949-8082-FA021D0B7A7A}.Release|x64.Build.0 = Release|Any CPU
		{9B7A33CE-71E2-4949-8082-FA021D0B7A7A}.Release|x86.ActiveCfg = Release|Any CPU
		{9B7A33CE-71E2-4949-8082-FA021D0B7A7A}.Release|x86.Build.0 = Release|Any CPU
		{798E5C0C-D180-41CE-923F-6DE6DDFD92CB}.Debug|Any CPU.ActiveCfg = Debug|Any CPU
		{798E5C0C-D180-41CE-923F-6DE6DDFD92CB}.Debug|Any CPU.Build.0 = Debug|Any CPU
		{798E5C0C-D180-41CE-923F-6DE6DDFD92CB}.Debug|ARM.ActiveCfg = Debug|Any CPU
		{798E5C0C-D180-41CE-923F-6DE6DDFD92CB}.Debug|ARM.Build.0 = Debug|Any CPU
		{798E5C0C-D180-41CE-923F-6DE6DDFD92CB}.Debug|iPhone.ActiveCfg = Debug|Any CPU
		{798E5C0C-D180-41CE-923F-6DE6DDFD92CB}.Debug|iPhone.Build.0 = Debug|Any CPU
		{798E5C0C-D180-41CE-923F-6DE6DDFD92CB}.Debug|iPhoneSimulator.ActiveCfg = Debug|Any CPU
		{798E5C0C-D180-41CE-923F-6DE6DDFD92CB}.Debug|iPhoneSimulator.Build.0 = Debug|Any CPU
		{798E5C0C-D180-41CE-923F-6DE6DDFD92CB}.Debug|x64.ActiveCfg = Debug|Any CPU
		{798E5C0C-D180-41CE-923F-6DE6DDFD92CB}.Debug|x64.Build.0 = Debug|Any CPU
		{798E5C0C-D180-41CE-923F-6DE6DDFD92CB}.Debug|x86.ActiveCfg = Debug|Any CPU
		{798E5C0C-D180-41CE-923F-6DE6DDFD92CB}.Debug|x86.Build.0 = Debug|Any CPU
		{798E5C0C-D180-41CE-923F-6DE6DDFD92CB}.Release|Any CPU.ActiveCfg = Release|Any CPU
		{798E5C0C-D180-41CE-923F-6DE6DDFD92CB}.Release|Any CPU.Build.0 = Release|Any CPU
		{798E5C0C-D180-41CE-923F-6DE6DDFD92CB}.Release|ARM.ActiveCfg = Release|Any CPU
		{798E5C0C-D180-41CE-923F-6DE6DDFD92CB}.Release|ARM.Build.0 = Release|Any CPU
		{798E5C0C-D180-41CE-923F-6DE6DDFD92CB}.Release|iPhone.ActiveCfg = Release|Any CPU
		{798E5C0C-D180-41CE-923F-6DE6DDFD92CB}.Release|iPhone.Build.0 = Release|Any CPU
		{798E5C0C-D180-41CE-923F-6DE6DDFD92CB}.Release|iPhoneSimulator.ActiveCfg = Release|Any CPU
		{798E5C0C-D180-41CE-923F-6DE6DDFD92CB}.Release|iPhoneSimulator.Build.0 = Release|Any CPU
		{798E5C0C-D180-41CE-923F-6DE6DDFD92CB}.Release|x64.ActiveCfg = Release|Any CPU
		{798E5C0C-D180-41CE-923F-6DE6DDFD92CB}.Release|x64.Build.0 = Release|Any CPU
		{798E5C0C-D180-41CE-923F-6DE6DDFD92CB}.Release|x86.ActiveCfg = Release|Any CPU
		{798E5C0C-D180-41CE-923F-6DE6DDFD92CB}.Release|x86.Build.0 = Release|Any CPU
		{879379AB-1A45-4839-98B0-632855A9D314}.Debug|Any CPU.ActiveCfg = Debug|Any CPU
		{879379AB-1A45-4839-98B0-632855A9D314}.Debug|Any CPU.Build.0 = Debug|Any CPU
		{879379AB-1A45-4839-98B0-632855A9D314}.Debug|ARM.ActiveCfg = Debug|Any CPU
		{879379AB-1A45-4839-98B0-632855A9D314}.Debug|ARM.Build.0 = Debug|Any CPU
		{879379AB-1A45-4839-98B0-632855A9D314}.Debug|iPhone.ActiveCfg = Debug|Any CPU
		{879379AB-1A45-4839-98B0-632855A9D314}.Debug|iPhone.Build.0 = Debug|Any CPU
		{879379AB-1A45-4839-98B0-632855A9D314}.Debug|iPhoneSimulator.ActiveCfg = Debug|Any CPU
		{879379AB-1A45-4839-98B0-632855A9D314}.Debug|iPhoneSimulator.Build.0 = Debug|Any CPU
		{879379AB-1A45-4839-98B0-632855A9D314}.Debug|x64.ActiveCfg = Debug|Any CPU
		{879379AB-1A45-4839-98B0-632855A9D314}.Debug|x64.Build.0 = Debug|Any CPU
		{879379AB-1A45-4839-98B0-632855A9D314}.Debug|x86.ActiveCfg = Debug|Any CPU
		{879379AB-1A45-4839-98B0-632855A9D314}.Debug|x86.Build.0 = Debug|Any CPU
		{879379AB-1A45-4839-98B0-632855A9D314}.Release|Any CPU.ActiveCfg = Release|Any CPU
		{879379AB-1A45-4839-98B0-632855A9D314}.Release|Any CPU.Build.0 = Release|Any CPU
		{879379AB-1A45-4839-98B0-632855A9D314}.Release|ARM.ActiveCfg = Release|Any CPU
		{879379AB-1A45-4839-98B0-632855A9D314}.Release|ARM.Build.0 = Release|Any CPU
		{879379AB-1A45-4839-98B0-632855A9D314}.Release|iPhone.ActiveCfg = Release|Any CPU
		{879379AB-1A45-4839-98B0-632855A9D314}.Release|iPhone.Build.0 = Release|Any CPU
		{879379AB-1A45-4839-98B0-632855A9D314}.Release|iPhoneSimulator.ActiveCfg = Release|Any CPU
		{879379AB-1A45-4839-98B0-632855A9D314}.Release|iPhoneSimulator.Build.0 = Release|Any CPU
		{879379AB-1A45-4839-98B0-632855A9D314}.Release|x64.ActiveCfg = Release|Any CPU
		{879379AB-1A45-4839-98B0-632855A9D314}.Release|x64.Build.0 = Release|Any CPU
		{879379AB-1A45-4839-98B0-632855A9D314}.Release|x86.ActiveCfg = Release|Any CPU
		{879379AB-1A45-4839-98B0-632855A9D314}.Release|x86.Build.0 = Release|Any CPU
		{DCA2E027-771F-4BC1-836C-59634213C3FA}.Debug|Any CPU.ActiveCfg = Debug|Any CPU
		{DCA2E027-771F-4BC1-836C-59634213C3FA}.Debug|Any CPU.Build.0 = Debug|Any CPU
		{DCA2E027-771F-4BC1-836C-59634213C3FA}.Debug|ARM.ActiveCfg = Debug|Any CPU
		{DCA2E027-771F-4BC1-836C-59634213C3FA}.Debug|ARM.Build.0 = Debug|Any CPU
		{DCA2E027-771F-4BC1-836C-59634213C3FA}.Debug|iPhone.ActiveCfg = Debug|Any CPU
		{DCA2E027-771F-4BC1-836C-59634213C3FA}.Debug|iPhone.Build.0 = Debug|Any CPU
		{DCA2E027-771F-4BC1-836C-59634213C3FA}.Debug|iPhoneSimulator.ActiveCfg = Debug|Any CPU
		{DCA2E027-771F-4BC1-836C-59634213C3FA}.Debug|iPhoneSimulator.Build.0 = Debug|Any CPU
		{DCA2E027-771F-4BC1-836C-59634213C3FA}.Debug|x64.ActiveCfg = Debug|Any CPU
		{DCA2E027-771F-4BC1-836C-59634213C3FA}.Debug|x64.Build.0 = Debug|Any CPU
		{DCA2E027-771F-4BC1-836C-59634213C3FA}.Debug|x86.ActiveCfg = Debug|Any CPU
		{DCA2E027-771F-4BC1-836C-59634213C3FA}.Debug|x86.Build.0 = Debug|Any CPU
		{DCA2E027-771F-4BC1-836C-59634213C3FA}.Release|Any CPU.ActiveCfg = Release|Any CPU
		{DCA2E027-771F-4BC1-836C-59634213C3FA}.Release|Any CPU.Build.0 = Release|Any CPU
		{DCA2E027-771F-4BC1-836C-59634213C3FA}.Release|ARM.ActiveCfg = Release|Any CPU
		{DCA2E027-771F-4BC1-836C-59634213C3FA}.Release|ARM.Build.0 = Release|Any CPU
		{DCA2E027-771F-4BC1-836C-59634213C3FA}.Release|iPhone.ActiveCfg = Release|Any CPU
		{DCA2E027-771F-4BC1-836C-59634213C3FA}.Release|iPhone.Build.0 = Release|Any CPU
		{DCA2E027-771F-4BC1-836C-59634213C3FA}.Release|iPhoneSimulator.ActiveCfg = Release|Any CPU
		{DCA2E027-771F-4BC1-836C-59634213C3FA}.Release|iPhoneSimulator.Build.0 = Release|Any CPU
		{DCA2E027-771F-4BC1-836C-59634213C3FA}.Release|x64.ActiveCfg = Release|Any CPU
		{DCA2E027-771F-4BC1-836C-59634213C3FA}.Release|x64.Build.0 = Release|Any CPU
		{DCA2E027-771F-4BC1-836C-59634213C3FA}.Release|x86.ActiveCfg = Release|Any CPU
		{DCA2E027-771F-4BC1-836C-59634213C3FA}.Release|x86.Build.0 = Release|Any CPU
		{5861D10B-3A58-4AB4-AA26-C07EC8CC30BC}.Debug|Any CPU.ActiveCfg = Debug|Any CPU
		{5861D10B-3A58-4AB4-AA26-C07EC8CC30BC}.Debug|Any CPU.Build.0 = Debug|Any CPU
		{5861D10B-3A58-4AB4-AA26-C07EC8CC30BC}.Debug|ARM.ActiveCfg = Debug|Any CPU
		{5861D10B-3A58-4AB4-AA26-C07EC8CC30BC}.Debug|ARM.Build.0 = Debug|Any CPU
		{5861D10B-3A58-4AB4-AA26-C07EC8CC30BC}.Debug|iPhone.ActiveCfg = Debug|Any CPU
		{5861D10B-3A58-4AB4-AA26-C07EC8CC30BC}.Debug|iPhone.Build.0 = Debug|Any CPU
		{5861D10B-3A58-4AB4-AA26-C07EC8CC30BC}.Debug|iPhoneSimulator.ActiveCfg = Debug|Any CPU
		{5861D10B-3A58-4AB4-AA26-C07EC8CC30BC}.Debug|iPhoneSimulator.Build.0 = Debug|Any CPU
		{5861D10B-3A58-4AB4-AA26-C07EC8CC30BC}.Debug|x64.ActiveCfg = Debug|Any CPU
		{5861D10B-3A58-4AB4-AA26-C07EC8CC30BC}.Debug|x64.Build.0 = Debug|Any CPU
		{5861D10B-3A58-4AB4-AA26-C07EC8CC30BC}.Debug|x86.ActiveCfg = Debug|Any CPU
		{5861D10B-3A58-4AB4-AA26-C07EC8CC30BC}.Debug|x86.Build.0 = Debug|Any CPU
		{5861D10B-3A58-4AB4-AA26-C07EC8CC30BC}.Release|Any CPU.ActiveCfg = Release|Any CPU
		{5861D10B-3A58-4AB4-AA26-C07EC8CC30BC}.Release|Any CPU.Build.0 = Release|Any CPU
		{5861D10B-3A58-4AB4-AA26-C07EC8CC30BC}.Release|ARM.ActiveCfg = Release|Any CPU
		{5861D10B-3A58-4AB4-AA26-C07EC8CC30BC}.Release|ARM.Build.0 = Release|Any CPU
		{5861D10B-3A58-4AB4-AA26-C07EC8CC30BC}.Release|iPhone.ActiveCfg = Release|Any CPU
		{5861D10B-3A58-4AB4-AA26-C07EC8CC30BC}.Release|iPhone.Build.0 = Release|Any CPU
		{5861D10B-3A58-4AB4-AA26-C07EC8CC30BC}.Release|iPhoneSimulator.ActiveCfg = Release|Any CPU
		{5861D10B-3A58-4AB4-AA26-C07EC8CC30BC}.Release|iPhoneSimulator.Build.0 = Release|Any CPU
		{5861D10B-3A58-4AB4-AA26-C07EC8CC30BC}.Release|x64.ActiveCfg = Release|Any CPU
		{5861D10B-3A58-4AB4-AA26-C07EC8CC30BC}.Release|x64.Build.0 = Release|Any CPU
		{5861D10B-3A58-4AB4-AA26-C07EC8CC30BC}.Release|x86.ActiveCfg = Release|Any CPU
		{5861D10B-3A58-4AB4-AA26-C07EC8CC30BC}.Release|x86.Build.0 = Release|Any CPU
		{1D0FD93F-D665-430F-B2D1-6F62D1DDA851}.Debug|Any CPU.ActiveCfg = Debug|Any CPU
		{1D0FD93F-D665-430F-B2D1-6F62D1DDA851}.Debug|Any CPU.Build.0 = Debug|Any CPU
		{1D0FD93F-D665-430F-B2D1-6F62D1DDA851}.Debug|ARM.ActiveCfg = Debug|Any CPU
		{1D0FD93F-D665-430F-B2D1-6F62D1DDA851}.Debug|ARM.Build.0 = Debug|Any CPU
		{1D0FD93F-D665-430F-B2D1-6F62D1DDA851}.Debug|iPhone.ActiveCfg = Debug|Any CPU
		{1D0FD93F-D665-430F-B2D1-6F62D1DDA851}.Debug|iPhone.Build.0 = Debug|Any CPU
		{1D0FD93F-D665-430F-B2D1-6F62D1DDA851}.Debug|iPhoneSimulator.ActiveCfg = Debug|Any CPU
		{1D0FD93F-D665-430F-B2D1-6F62D1DDA851}.Debug|iPhoneSimulator.Build.0 = Debug|Any CPU
		{1D0FD93F-D665-430F-B2D1-6F62D1DDA851}.Debug|x64.ActiveCfg = Debug|Any CPU
		{1D0FD93F-D665-430F-B2D1-6F62D1DDA851}.Debug|x64.Build.0 = Debug|Any CPU
		{1D0FD93F-D665-430F-B2D1-6F62D1DDA851}.Debug|x86.ActiveCfg = Debug|Any CPU
		{1D0FD93F-D665-430F-B2D1-6F62D1DDA851}.Debug|x86.Build.0 = Debug|Any CPU
		{1D0FD93F-D665-430F-B2D1-6F62D1DDA851}.Release|Any CPU.ActiveCfg = Release|Any CPU
		{1D0FD93F-D665-430F-B2D1-6F62D1DDA851}.Release|Any CPU.Build.0 = Release|Any CPU
		{1D0FD93F-D665-430F-B2D1-6F62D1DDA851}.Release|ARM.ActiveCfg = Release|Any CPU
		{1D0FD93F-D665-430F-B2D1-6F62D1DDA851}.Release|ARM.Build.0 = Release|Any CPU
		{1D0FD93F-D665-430F-B2D1-6F62D1DDA851}.Release|iPhone.ActiveCfg = Release|Any CPU
		{1D0FD93F-D665-430F-B2D1-6F62D1DDA851}.Release|iPhone.Build.0 = Release|Any CPU
		{1D0FD93F-D665-430F-B2D1-6F62D1DDA851}.Release|iPhoneSimulator.ActiveCfg = Release|Any CPU
		{1D0FD93F-D665-430F-B2D1-6F62D1DDA851}.Release|iPhoneSimulator.Build.0 = Release|Any CPU
		{1D0FD93F-D665-430F-B2D1-6F62D1DDA851}.Release|x64.ActiveCfg = Release|Any CPU
		{1D0FD93F-D665-430F-B2D1-6F62D1DDA851}.Release|x64.Build.0 = Release|Any CPU
		{1D0FD93F-D665-430F-B2D1-6F62D1DDA851}.Release|x86.ActiveCfg = Release|Any CPU
		{1D0FD93F-D665-430F-B2D1-6F62D1DDA851}.Release|x86.Build.0 = Release|Any CPU
		{FA1B340F-FB1E-4A46-A082-8D290527B2A1}.Debug|Any CPU.ActiveCfg = Debug|Any CPU
		{FA1B340F-FB1E-4A46-A082-8D290527B2A1}.Debug|Any CPU.Build.0 = Debug|Any CPU
		{FA1B340F-FB1E-4A46-A082-8D290527B2A1}.Debug|ARM.ActiveCfg = Debug|Any CPU
		{FA1B340F-FB1E-4A46-A082-8D290527B2A1}.Debug|ARM.Build.0 = Debug|Any CPU
		{FA1B340F-FB1E-4A46-A082-8D290527B2A1}.Debug|iPhone.ActiveCfg = Debug|Any CPU
		{FA1B340F-FB1E-4A46-A082-8D290527B2A1}.Debug|iPhone.Build.0 = Debug|Any CPU
		{FA1B340F-FB1E-4A46-A082-8D290527B2A1}.Debug|iPhoneSimulator.ActiveCfg = Debug|Any CPU
		{FA1B340F-FB1E-4A46-A082-8D290527B2A1}.Debug|iPhoneSimulator.Build.0 = Debug|Any CPU
		{FA1B340F-FB1E-4A46-A082-8D290527B2A1}.Debug|x64.ActiveCfg = Debug|Any CPU
		{FA1B340F-FB1E-4A46-A082-8D290527B2A1}.Debug|x64.Build.0 = Debug|Any CPU
		{FA1B340F-FB1E-4A46-A082-8D290527B2A1}.Debug|x86.ActiveCfg = Debug|Any CPU
		{FA1B340F-FB1E-4A46-A082-8D290527B2A1}.Debug|x86.Build.0 = Debug|Any CPU
		{FA1B340F-FB1E-4A46-A082-8D290527B2A1}.Release|Any CPU.ActiveCfg = Release|Any CPU
		{FA1B340F-FB1E-4A46-A082-8D290527B2A1}.Release|Any CPU.Build.0 = Release|Any CPU
		{FA1B340F-FB1E-4A46-A082-8D290527B2A1}.Release|ARM.ActiveCfg = Release|Any CPU
		{FA1B340F-FB1E-4A46-A082-8D290527B2A1}.Release|ARM.Build.0 = Release|Any CPU
		{FA1B340F-FB1E-4A46-A082-8D290527B2A1}.Release|iPhone.ActiveCfg = Release|Any CPU
		{FA1B340F-FB1E-4A46-A082-8D290527B2A1}.Release|iPhone.Build.0 = Release|Any CPU
		{FA1B340F-FB1E-4A46-A082-8D290527B2A1}.Release|iPhoneSimulator.ActiveCfg = Release|Any CPU
		{FA1B340F-FB1E-4A46-A082-8D290527B2A1}.Release|iPhoneSimulator.Build.0 = Release|Any CPU
		{FA1B340F-FB1E-4A46-A082-8D290527B2A1}.Release|x64.ActiveCfg = Release|Any CPU
		{FA1B340F-FB1E-4A46-A082-8D290527B2A1}.Release|x64.Build.0 = Release|Any CPU
		{FA1B340F-FB1E-4A46-A082-8D290527B2A1}.Release|x86.ActiveCfg = Release|Any CPU
		{FA1B340F-FB1E-4A46-A082-8D290527B2A1}.Release|x86.Build.0 = Release|Any CPU
		{9FC5A7F8-E473-43FB-96F5-3A42D60E85B4}.Debug|Any CPU.ActiveCfg = Debug|Any CPU
		{9FC5A7F8-E473-43FB-96F5-3A42D60E85B4}.Debug|Any CPU.Build.0 = Debug|Any CPU
		{9FC5A7F8-E473-43FB-96F5-3A42D60E85B4}.Debug|ARM.ActiveCfg = Debug|Any CPU
		{9FC5A7F8-E473-43FB-96F5-3A42D60E85B4}.Debug|ARM.Build.0 = Debug|Any CPU
		{9FC5A7F8-E473-43FB-96F5-3A42D60E85B4}.Debug|iPhone.ActiveCfg = Debug|Any CPU
		{9FC5A7F8-E473-43FB-96F5-3A42D60E85B4}.Debug|iPhone.Build.0 = Debug|Any CPU
		{9FC5A7F8-E473-43FB-96F5-3A42D60E85B4}.Debug|iPhoneSimulator.ActiveCfg = Debug|Any CPU
		{9FC5A7F8-E473-43FB-96F5-3A42D60E85B4}.Debug|iPhoneSimulator.Build.0 = Debug|Any CPU
		{9FC5A7F8-E473-43FB-96F5-3A42D60E85B4}.Debug|x64.ActiveCfg = Debug|Any CPU
		{9FC5A7F8-E473-43FB-96F5-3A42D60E85B4}.Debug|x64.Build.0 = Debug|Any CPU
		{9FC5A7F8-E473-43FB-96F5-3A42D60E85B4}.Debug|x86.ActiveCfg = Debug|Any CPU
		{9FC5A7F8-E473-43FB-96F5-3A42D60E85B4}.Debug|x86.Build.0 = Debug|Any CPU
		{9FC5A7F8-E473-43FB-96F5-3A42D60E85B4}.Release|Any CPU.ActiveCfg = Release|Any CPU
		{9FC5A7F8-E473-43FB-96F5-3A42D60E85B4}.Release|Any CPU.Build.0 = Release|Any CPU
		{9FC5A7F8-E473-43FB-96F5-3A42D60E85B4}.Release|ARM.ActiveCfg = Release|Any CPU
		{9FC5A7F8-E473-43FB-96F5-3A42D60E85B4}.Release|ARM.Build.0 = Release|Any CPU
		{9FC5A7F8-E473-43FB-96F5-3A42D60E85B4}.Release|iPhone.ActiveCfg = Release|Any CPU
		{9FC5A7F8-E473-43FB-96F5-3A42D60E85B4}.Release|iPhone.Build.0 = Release|Any CPU
		{9FC5A7F8-E473-43FB-96F5-3A42D60E85B4}.Release|iPhoneSimulator.ActiveCfg = Release|Any CPU
		{9FC5A7F8-E473-43FB-96F5-3A42D60E85B4}.Release|iPhoneSimulator.Build.0 = Release|Any CPU
		{9FC5A7F8-E473-43FB-96F5-3A42D60E85B4}.Release|x64.ActiveCfg = Release|Any CPU
		{9FC5A7F8-E473-43FB-96F5-3A42D60E85B4}.Release|x64.Build.0 = Release|Any CPU
		{9FC5A7F8-E473-43FB-96F5-3A42D60E85B4}.Release|x86.ActiveCfg = Release|Any CPU
		{9FC5A7F8-E473-43FB-96F5-3A42D60E85B4}.Release|x86.Build.0 = Release|Any CPU
		{B601BC70-ADD2-40BC-B78C-3EFF2A8EAF52}.Debug|Any CPU.ActiveCfg = Debug|Any CPU
		{B601BC70-ADD2-40BC-B78C-3EFF2A8EAF52}.Debug|Any CPU.Build.0 = Debug|Any CPU
		{B601BC70-ADD2-40BC-B78C-3EFF2A8EAF52}.Debug|ARM.ActiveCfg = Debug|Any CPU
		{B601BC70-ADD2-40BC-B78C-3EFF2A8EAF52}.Debug|ARM.Build.0 = Debug|Any CPU
		{B601BC70-ADD2-40BC-B78C-3EFF2A8EAF52}.Debug|iPhone.ActiveCfg = Debug|Any CPU
		{B601BC70-ADD2-40BC-B78C-3EFF2A8EAF52}.Debug|iPhone.Build.0 = Debug|Any CPU
		{B601BC70-ADD2-40BC-B78C-3EFF2A8EAF52}.Debug|iPhoneSimulator.ActiveCfg = Debug|Any CPU
		{B601BC70-ADD2-40BC-B78C-3EFF2A8EAF52}.Debug|iPhoneSimulator.Build.0 = Debug|Any CPU
		{B601BC70-ADD2-40BC-B78C-3EFF2A8EAF52}.Debug|x64.ActiveCfg = Debug|Any CPU
		{B601BC70-ADD2-40BC-B78C-3EFF2A8EAF52}.Debug|x64.Build.0 = Debug|Any CPU
		{B601BC70-ADD2-40BC-B78C-3EFF2A8EAF52}.Debug|x86.ActiveCfg = Debug|Any CPU
		{B601BC70-ADD2-40BC-B78C-3EFF2A8EAF52}.Debug|x86.Build.0 = Debug|Any CPU
		{B601BC70-ADD2-40BC-B78C-3EFF2A8EAF52}.Release|Any CPU.ActiveCfg = Release|Any CPU
		{B601BC70-ADD2-40BC-B78C-3EFF2A8EAF52}.Release|Any CPU.Build.0 = Release|Any CPU
		{B601BC70-ADD2-40BC-B78C-3EFF2A8EAF52}.Release|ARM.ActiveCfg = Release|Any CPU
		{B601BC70-ADD2-40BC-B78C-3EFF2A8EAF52}.Release|ARM.Build.0 = Release|Any CPU
		{B601BC70-ADD2-40BC-B78C-3EFF2A8EAF52}.Release|iPhone.ActiveCfg = Release|Any CPU
		{B601BC70-ADD2-40BC-B78C-3EFF2A8EAF52}.Release|iPhone.Build.0 = Release|Any CPU
		{B601BC70-ADD2-40BC-B78C-3EFF2A8EAF52}.Release|iPhoneSimulator.ActiveCfg = Release|Any CPU
		{B601BC70-ADD2-40BC-B78C-3EFF2A8EAF52}.Release|iPhoneSimulator.Build.0 = Release|Any CPU
		{B601BC70-ADD2-40BC-B78C-3EFF2A8EAF52}.Release|x64.ActiveCfg = Release|Any CPU
		{B601BC70-ADD2-40BC-B78C-3EFF2A8EAF52}.Release|x64.Build.0 = Release|Any CPU
		{B601BC70-ADD2-40BC-B78C-3EFF2A8EAF52}.Release|x86.ActiveCfg = Release|Any CPU
		{B601BC70-ADD2-40BC-B78C-3EFF2A8EAF52}.Release|x86.Build.0 = Release|Any CPU
		{D6FC117A-C231-44BE-BAF6-9A9E0618B3F1}.Debug|Any CPU.ActiveCfg = Debug|Any CPU
		{D6FC117A-C231-44BE-BAF6-9A9E0618B3F1}.Debug|Any CPU.Build.0 = Debug|Any CPU
		{D6FC117A-C231-44BE-BAF6-9A9E0618B3F1}.Debug|ARM.ActiveCfg = Debug|Any CPU
		{D6FC117A-C231-44BE-BAF6-9A9E0618B3F1}.Debug|ARM.Build.0 = Debug|Any CPU
		{D6FC117A-C231-44BE-BAF6-9A9E0618B3F1}.Debug|iPhone.ActiveCfg = Debug|Any CPU
		{D6FC117A-C231-44BE-BAF6-9A9E0618B3F1}.Debug|iPhone.Build.0 = Debug|Any CPU
		{D6FC117A-C231-44BE-BAF6-9A9E0618B3F1}.Debug|iPhoneSimulator.ActiveCfg = Debug|Any CPU
		{D6FC117A-C231-44BE-BAF6-9A9E0618B3F1}.Debug|iPhoneSimulator.Build.0 = Debug|Any CPU
		{D6FC117A-C231-44BE-BAF6-9A9E0618B3F1}.Debug|x64.ActiveCfg = Debug|Any CPU
		{D6FC117A-C231-44BE-BAF6-9A9E0618B3F1}.Debug|x64.Build.0 = Debug|Any CPU
		{D6FC117A-C231-44BE-BAF6-9A9E0618B3F1}.Debug|x86.ActiveCfg = Debug|Any CPU
		{D6FC117A-C231-44BE-BAF6-9A9E0618B3F1}.Debug|x86.Build.0 = Debug|Any CPU
		{D6FC117A-C231-44BE-BAF6-9A9E0618B3F1}.Release|Any CPU.ActiveCfg = Release|Any CPU
		{D6FC117A-C231-44BE-BAF6-9A9E0618B3F1}.Release|Any CPU.Build.0 = Release|Any CPU
		{D6FC117A-C231-44BE-BAF6-9A9E0618B3F1}.Release|ARM.ActiveCfg = Release|Any CPU
		{D6FC117A-C231-44BE-BAF6-9A9E0618B3F1}.Release|ARM.Build.0 = Release|Any CPU
		{D6FC117A-C231-44BE-BAF6-9A9E0618B3F1}.Release|iPhone.ActiveCfg = Release|Any CPU
		{D6FC117A-C231-44BE-BAF6-9A9E0618B3F1}.Release|iPhone.Build.0 = Release|Any CPU
		{D6FC117A-C231-44BE-BAF6-9A9E0618B3F1}.Release|iPhoneSimulator.ActiveCfg = Release|Any CPU
		{D6FC117A-C231-44BE-BAF6-9A9E0618B3F1}.Release|iPhoneSimulator.Build.0 = Release|Any CPU
		{D6FC117A-C231-44BE-BAF6-9A9E0618B3F1}.Release|x64.ActiveCfg = Release|Any CPU
		{D6FC117A-C231-44BE-BAF6-9A9E0618B3F1}.Release|x64.Build.0 = Release|Any CPU
		{D6FC117A-C231-44BE-BAF6-9A9E0618B3F1}.Release|x86.ActiveCfg = Release|Any CPU
		{D6FC117A-C231-44BE-BAF6-9A9E0618B3F1}.Release|x86.Build.0 = Release|Any CPU
		{209F3E34-7714-4342-A2D4-AC5D3B276262}.Debug|Any CPU.ActiveCfg = Debug|Any CPU
		{209F3E34-7714-4342-A2D4-AC5D3B276262}.Debug|Any CPU.Build.0 = Debug|Any CPU
		{209F3E34-7714-4342-A2D4-AC5D3B276262}.Debug|Any CPU.Deploy.0 = Debug|Any CPU
		{209F3E34-7714-4342-A2D4-AC5D3B276262}.Debug|ARM.ActiveCfg = Debug|Any CPU
		{209F3E34-7714-4342-A2D4-AC5D3B276262}.Debug|ARM.Build.0 = Debug|Any CPU
		{209F3E34-7714-4342-A2D4-AC5D3B276262}.Debug|ARM.Deploy.0 = Debug|Any CPU
		{209F3E34-7714-4342-A2D4-AC5D3B276262}.Debug|iPhone.ActiveCfg = Debug|Any CPU
		{209F3E34-7714-4342-A2D4-AC5D3B276262}.Debug|iPhone.Build.0 = Debug|Any CPU
		{209F3E34-7714-4342-A2D4-AC5D3B276262}.Debug|iPhone.Deploy.0 = Debug|Any CPU
		{209F3E34-7714-4342-A2D4-AC5D3B276262}.Debug|iPhoneSimulator.ActiveCfg = Debug|Any CPU
		{209F3E34-7714-4342-A2D4-AC5D3B276262}.Debug|iPhoneSimulator.Build.0 = Debug|Any CPU
		{209F3E34-7714-4342-A2D4-AC5D3B276262}.Debug|iPhoneSimulator.Deploy.0 = Debug|Any CPU
		{209F3E34-7714-4342-A2D4-AC5D3B276262}.Debug|x64.ActiveCfg = Debug|Any CPU
		{209F3E34-7714-4342-A2D4-AC5D3B276262}.Debug|x64.Build.0 = Debug|Any CPU
		{209F3E34-7714-4342-A2D4-AC5D3B276262}.Debug|x64.Deploy.0 = Debug|Any CPU
		{209F3E34-7714-4342-A2D4-AC5D3B276262}.Debug|x86.ActiveCfg = Debug|Any CPU
		{209F3E34-7714-4342-A2D4-AC5D3B276262}.Debug|x86.Build.0 = Debug|Any CPU
		{209F3E34-7714-4342-A2D4-AC5D3B276262}.Debug|x86.Deploy.0 = Debug|Any CPU
		{209F3E34-7714-4342-A2D4-AC5D3B276262}.Release|Any CPU.ActiveCfg = Release|Any CPU
		{209F3E34-7714-4342-A2D4-AC5D3B276262}.Release|Any CPU.Build.0 = Release|Any CPU
		{209F3E34-7714-4342-A2D4-AC5D3B276262}.Release|Any CPU.Deploy.0 = Release|Any CPU
		{209F3E34-7714-4342-A2D4-AC5D3B276262}.Release|ARM.ActiveCfg = Release|Any CPU
		{209F3E34-7714-4342-A2D4-AC5D3B276262}.Release|ARM.Build.0 = Release|Any CPU
		{209F3E34-7714-4342-A2D4-AC5D3B276262}.Release|ARM.Deploy.0 = Release|Any CPU
		{209F3E34-7714-4342-A2D4-AC5D3B276262}.Release|iPhone.ActiveCfg = Release|Any CPU
		{209F3E34-7714-4342-A2D4-AC5D3B276262}.Release|iPhone.Build.0 = Release|Any CPU
		{209F3E34-7714-4342-A2D4-AC5D3B276262}.Release|iPhone.Deploy.0 = Release|Any CPU
		{209F3E34-7714-4342-A2D4-AC5D3B276262}.Release|iPhoneSimulator.ActiveCfg = Release|Any CPU
		{209F3E34-7714-4342-A2D4-AC5D3B276262}.Release|iPhoneSimulator.Build.0 = Release|Any CPU
		{209F3E34-7714-4342-A2D4-AC5D3B276262}.Release|iPhoneSimulator.Deploy.0 = Release|Any CPU
		{209F3E34-7714-4342-A2D4-AC5D3B276262}.Release|x64.ActiveCfg = Release|Any CPU
		{209F3E34-7714-4342-A2D4-AC5D3B276262}.Release|x64.Build.0 = Release|Any CPU
		{209F3E34-7714-4342-A2D4-AC5D3B276262}.Release|x64.Deploy.0 = Release|Any CPU
		{209F3E34-7714-4342-A2D4-AC5D3B276262}.Release|x86.ActiveCfg = Release|Any CPU
		{209F3E34-7714-4342-A2D4-AC5D3B276262}.Release|x86.Build.0 = Release|Any CPU
		{209F3E34-7714-4342-A2D4-AC5D3B276262}.Release|x86.Deploy.0 = Release|Any CPU
		{0E3B9588-EDC0-4051-B602-55A10DAD6105}.Debug|Any CPU.ActiveCfg = Debug|iPhone
		{0E3B9588-EDC0-4051-B602-55A10DAD6105}.Debug|ARM.ActiveCfg = Debug|iPhone
		{0E3B9588-EDC0-4051-B602-55A10DAD6105}.Debug|iPhone.ActiveCfg = Debug|iPhone
		{0E3B9588-EDC0-4051-B602-55A10DAD6105}.Debug|iPhone.Build.0 = Debug|iPhone
		{0E3B9588-EDC0-4051-B602-55A10DAD6105}.Debug|iPhoneSimulator.ActiveCfg = Debug|iPhoneSimulator
		{0E3B9588-EDC0-4051-B602-55A10DAD6105}.Debug|iPhoneSimulator.Build.0 = Debug|iPhoneSimulator
		{0E3B9588-EDC0-4051-B602-55A10DAD6105}.Debug|x64.ActiveCfg = Debug|iPhone
		{0E3B9588-EDC0-4051-B602-55A10DAD6105}.Debug|x86.ActiveCfg = Debug|iPhone
		{0E3B9588-EDC0-4051-B602-55A10DAD6105}.Release|Any CPU.ActiveCfg = Release|iPhone
		{0E3B9588-EDC0-4051-B602-55A10DAD6105}.Release|ARM.ActiveCfg = Release|iPhone
		{0E3B9588-EDC0-4051-B602-55A10DAD6105}.Release|iPhone.ActiveCfg = Release|iPhone
		{0E3B9588-EDC0-4051-B602-55A10DAD6105}.Release|iPhone.Build.0 = Release|iPhone
		{0E3B9588-EDC0-4051-B602-55A10DAD6105}.Release|iPhoneSimulator.ActiveCfg = Release|iPhoneSimulator
		{0E3B9588-EDC0-4051-B602-55A10DAD6105}.Release|iPhoneSimulator.Build.0 = Release|iPhoneSimulator
		{0E3B9588-EDC0-4051-B602-55A10DAD6105}.Release|x64.ActiveCfg = Release|iPhone
		{0E3B9588-EDC0-4051-B602-55A10DAD6105}.Release|x86.ActiveCfg = Release|iPhone
		{4B50FCDE-19AC-42B7-BA07-471EC65B9E55}.Debug|Any CPU.ActiveCfg = Debug|x86
		{4B50FCDE-19AC-42B7-BA07-471EC65B9E55}.Debug|ARM.ActiveCfg = Debug|ARM
		{4B50FCDE-19AC-42B7-BA07-471EC65B9E55}.Debug|ARM.Build.0 = Debug|ARM
		{4B50FCDE-19AC-42B7-BA07-471EC65B9E55}.Debug|ARM.Deploy.0 = Debug|ARM
		{4B50FCDE-19AC-42B7-BA07-471EC65B9E55}.Debug|iPhone.ActiveCfg = Debug|x86
		{4B50FCDE-19AC-42B7-BA07-471EC65B9E55}.Debug|iPhoneSimulator.ActiveCfg = Debug|x86
		{4B50FCDE-19AC-42B7-BA07-471EC65B9E55}.Debug|x64.ActiveCfg = Debug|x64
		{4B50FCDE-19AC-42B7-BA07-471EC65B9E55}.Debug|x64.Build.0 = Debug|x64
		{4B50FCDE-19AC-42B7-BA07-471EC65B9E55}.Debug|x64.Deploy.0 = Debug|x64
		{4B50FCDE-19AC-42B7-BA07-471EC65B9E55}.Debug|x86.ActiveCfg = Debug|x86
		{4B50FCDE-19AC-42B7-BA07-471EC65B9E55}.Debug|x86.Build.0 = Debug|x86
		{4B50FCDE-19AC-42B7-BA07-471EC65B9E55}.Debug|x86.Deploy.0 = Debug|x86
		{4B50FCDE-19AC-42B7-BA07-471EC65B9E55}.Release|Any CPU.ActiveCfg = Release|x86
		{4B50FCDE-19AC-42B7-BA07-471EC65B9E55}.Release|ARM.ActiveCfg = Release|ARM
		{4B50FCDE-19AC-42B7-BA07-471EC65B9E55}.Release|ARM.Build.0 = Release|ARM
		{4B50FCDE-19AC-42B7-BA07-471EC65B9E55}.Release|ARM.Deploy.0 = Release|ARM
		{4B50FCDE-19AC-42B7-BA07-471EC65B9E55}.Release|iPhone.ActiveCfg = Release|x86
		{4B50FCDE-19AC-42B7-BA07-471EC65B9E55}.Release|iPhoneSimulator.ActiveCfg = Release|x86
		{4B50FCDE-19AC-42B7-BA07-471EC65B9E55}.Release|x64.ActiveCfg = Release|x64
		{4B50FCDE-19AC-42B7-BA07-471EC65B9E55}.Release|x64.Build.0 = Release|x64
		{4B50FCDE-19AC-42B7-BA07-471EC65B9E55}.Release|x64.Deploy.0 = Release|x64
		{4B50FCDE-19AC-42B7-BA07-471EC65B9E55}.Release|x86.ActiveCfg = Release|x86
		{4B50FCDE-19AC-42B7-BA07-471EC65B9E55}.Release|x86.Build.0 = Release|x86
		{4B50FCDE-19AC-42B7-BA07-471EC65B9E55}.Release|x86.Deploy.0 = Release|x86
	EndGlobalSection
	GlobalSection(SolutionProperties) = preSolution
		HideSolutionNode = FALSE
	EndGlobalSection
	GlobalSection(ExtensibilityGlobals) = postSolution
		SolutionGuid = {398172F7-FB1F-4632-9684-A83992283F20}
	EndGlobalSection
EndGlobal
