
Microsoft Visual Studio Solution File, Format Version 12.00
# Visual Studio Version 16
VisualStudioVersion = 16.0.28803.156
MinimumVisualStudioVersion = 10.0.40219.1
Project("{9A19103F-16F7-4668-BE54-9A1E7A4F7556}") = "EltraConnector", "connect\EltraConnector\EltraConnector.csproj", "{A9E7EF16-7713-4CA3-8C4F-2915C579194F}"
EndProject
Project("{9A19103F-16F7-4668-BE54-9A1E7A4F7556}") = "EltraCommon", "xternals\common\EltraCommon\EltraCommon.csproj", "{88B5F3CF-1924-455B-AFB3-A6A0618B3D42}"
EndProject
Project("{9A19103F-16F7-4668-BE54-9A1E7A4F7556}") = "TestEltraConnector", "unittests\TestEltraConnector\TestEltraConnector.csproj", "{DF75143E-0633-4F42-AB4D-E0B146730C20}"
EndProject
Project("{9A19103F-16F7-4668-BE54-9A1E7A4F7556}") = "EltraXamCommon", "xternals\common\EltraXamCommon\EltraXamCommon.csproj", "{027F6343-5B8B-4C3F-A030-7043E67E033E}"
EndProject
Project("{9A19103F-16F7-4668-BE54-9A1E7A4F7556}") = "EltraUiCommon", "xternals\common\EltraUiCommon\EltraUiCommon.csproj", "{10E1C41B-B85C-437E-BBF9-D1FC9787A5B5}"
EndProject
Project("{9A19103F-16F7-4668-BE54-9A1E7A4F7556}") = "TestMaster", "unittests\TestMaster\TestMaster.csproj", "{19B5EA1B-7FD4-4EB6-A0C3-B3ECBE4D631A}"
EndProject
Global
	GlobalSection(SolutionConfigurationPlatforms) = preSolution
		Debug|Any CPU = Debug|Any CPU
		Release|Any CPU = Release|Any CPU
	EndGlobalSection
	GlobalSection(ProjectConfigurationPlatforms) = postSolution
		{A9E7EF16-7713-4CA3-8C4F-2915C579194F}.Debug|Any CPU.ActiveCfg = Debug|Any CPU
		{A9E7EF16-7713-4CA3-8C4F-2915C579194F}.Debug|Any CPU.Build.0 = Debug|Any CPU
		{A9E7EF16-7713-4CA3-8C4F-2915C579194F}.Release|Any CPU.ActiveCfg = Release|Any CPU
		{A9E7EF16-7713-4CA3-8C4F-2915C579194F}.Release|Any CPU.Build.0 = Release|Any CPU
		{88B5F3CF-1924-455B-AFB3-A6A0618B3D42}.Debug|Any CPU.ActiveCfg = Debug|Any CPU
		{88B5F3CF-1924-455B-AFB3-A6A0618B3D42}.Debug|Any CPU.Build.0 = Debug|Any CPU
		{88B5F3CF-1924-455B-AFB3-A6A0618B3D42}.Release|Any CPU.ActiveCfg = Release|Any CPU
		{88B5F3CF-1924-455B-AFB3-A6A0618B3D42}.Release|Any CPU.Build.0 = Release|Any CPU
		{DF75143E-0633-4F42-AB4D-E0B146730C20}.Debug|Any CPU.ActiveCfg = Debug|Any CPU
		{DF75143E-0633-4F42-AB4D-E0B146730C20}.Debug|Any CPU.Build.0 = Debug|Any CPU
		{DF75143E-0633-4F42-AB4D-E0B146730C20}.Release|Any CPU.ActiveCfg = Release|Any CPU
		{DF75143E-0633-4F42-AB4D-E0B146730C20}.Release|Any CPU.Build.0 = Release|Any CPU
		{027F6343-5B8B-4C3F-A030-7043E67E033E}.Debug|Any CPU.ActiveCfg = Debug|Any CPU
		{027F6343-5B8B-4C3F-A030-7043E67E033E}.Debug|Any CPU.Build.0 = Debug|Any CPU
		{027F6343-5B8B-4C3F-A030-7043E67E033E}.Release|Any CPU.ActiveCfg = Release|Any CPU
		{027F6343-5B8B-4C3F-A030-7043E67E033E}.Release|Any CPU.Build.0 = Release|Any CPU
		{10E1C41B-B85C-437E-BBF9-D1FC9787A5B5}.Debug|Any CPU.ActiveCfg = Debug|Any CPU
		{10E1C41B-B85C-437E-BBF9-D1FC9787A5B5}.Debug|Any CPU.Build.0 = Debug|Any CPU
		{10E1C41B-B85C-437E-BBF9-D1FC9787A5B5}.Release|Any CPU.ActiveCfg = Release|Any CPU
		{10E1C41B-B85C-437E-BBF9-D1FC9787A5B5}.Release|Any CPU.Build.0 = Release|Any CPU
		{19B5EA1B-7FD4-4EB6-A0C3-B3ECBE4D631A}.Debug|Any CPU.ActiveCfg = Debug|Any CPU
		{19B5EA1B-7FD4-4EB6-A0C3-B3ECBE4D631A}.Debug|Any CPU.Build.0 = Debug|Any CPU
		{19B5EA1B-7FD4-4EB6-A0C3-B3ECBE4D631A}.Release|Any CPU.ActiveCfg = Release|Any CPU
		{19B5EA1B-7FD4-4EB6-A0C3-B3ECBE4D631A}.Release|Any CPU.Build.0 = Release|Any CPU
	EndGlobalSection
	GlobalSection(SolutionProperties) = preSolution
		HideSolutionNode = FALSE
	EndGlobalSection
	GlobalSection(ExtensibilityGlobals) = postSolution
		SolutionGuid = {3F78AC7E-CC0B-4FA9-93A8-9D1F9CB30945}
	EndGlobalSection
EndGlobal
