
Microsoft Visual Studio Solution File, Format Version 12.00
# Visual Studio Version 16
VisualStudioVersion = 16.0.30204.135
MinimumVisualStudioVersion = 10.0.40219.1
Project("{9A19103F-16F7-4668-BE54-9A1E7A4F7556}") = "DummyAgent", "DummyAgent.csproj", "{7F02A7A1-1C87-44F9-BAFB-5C11D31F08C3}"
EndProject
Global
	GlobalSection(SolutionConfigurationPlatforms) = preSolution
		Debug|Any CPU = Debug|Any CPU
		Release|Any CPU = Release|Any CPU
	EndGlobalSection
	GlobalSection(ProjectConfigurationPlatforms) = postSolution
		{7F02A7A1-1C87-44F9-BAFB-5C11D31F08C3}.Debug|Any CPU.ActiveCfg = Debug|Any CPU
		{7F02A7A1-1C87-44F9-BAFB-5C11D31F08C3}.Debug|Any CPU.Build.0 = Debug|Any CPU
		{7F02A7A1-1C87-44F9-BAFB-5C11D31F08C3}.Release|Any CPU.ActiveCfg = Release|Any CPU
		{7F02A7A1-1C87-44F9-BAFB-5C11D31F08C3}.Release|Any CPU.Build.0 = Release|Any CPU
	EndGlobalSection
	GlobalSection(SolutionProperties) = preSolution
		HideSolutionNode = FALSE
	EndGlobalSection
	GlobalSection(ExtensibilityGlobals) = postSolution
		SolutionGuid = {F9AB0A70-BE8F-4C83-ADCB-56669A24FF65}
	EndGlobalSection
EndGlobal
