
Microsoft Visual Studio Solution File, Format Version 12.00
# Visual Studio Version 16
VisualStudioVersion = 16.0.28803.156
MinimumVisualStudioVersion = 10.0.40219.1
Project("{9A19103F-16F7-4668-BE54-9A1E7A4F7556}") = "EltraCloudStorage", "EltraCloudStorage.csproj", "{1E5F0593-DEC3-412A-8393-072D01974294}"
EndProject
Global
	GlobalSection(SolutionConfigurationPlatforms) = preSolution
		Debug|Any CPU = Debug|Any CPU
		Release|Any CPU = Release|Any CPU
	EndGlobalSection
	GlobalSection(ProjectConfigurationPlatforms) = postSolution
		{1E5F0593-DEC3-412A-8393-072D01974294}.Debug|Any CPU.ActiveCfg = Debug|Any CPU
		{1E5F0593-DEC3-412A-8393-072D01974294}.Debug|Any CPU.Build.0 = Debug|Any CPU
		{1E5F0593-DEC3-412A-8393-072D01974294}.Release|Any CPU.ActiveCfg = Release|Any CPU
		{1E5F0593-DEC3-412A-8393-072D01974294}.Release|Any CPU.Build.0 = Release|Any CPU
	EndGlobalSection
	GlobalSection(SolutionProperties) = preSolution
		HideSolutionNode = FALSE
	EndGlobalSection
	GlobalSection(ExtensibilityGlobals) = postSolution
		SolutionGuid = {E347342F-BAA2-4843-8543-210FAABE2003}
	EndGlobalSection
EndGlobal
