
Microsoft Visual Studio Solution File, Format Version 12.00
# Visual Studio Version 16
VisualStudioVersion = 16.0.29424.173
MinimumVisualStudioVersion = 10.0.40219.1
Project("{9A19103F-16F7-4668-BE54-9A1E7A4F7556}") = "ThermometerConsole", "ThermometerConsole.csproj", "{61DA541A-88D6-4E99-AA52-B8B4F9945C6F}"
EndProject
Project("{9A19103F-16F7-4668-BE54-9A1E7A4F7556}") = "Thermometer", "..\Thermometer\Thermometer.csproj", "{C66B905C-278F-4FE3-88A6-339559187A93}"
EndProject
Project("{9A19103F-16F7-4668-BE54-9A1E7A4F7556}") = "EltraConnector", "..\..\xternals\connect\EltraConnector\EltraConnector.csproj", "{0CABA914-1B24-4630-B3A8-B02AE402E731}"
EndProject
Project("{9A19103F-16F7-4668-BE54-9A1E7A4F7556}") = "EltraCloudContracts", "..\..\xternals\common\EltraCloudContracts\EltraCloudContracts.csproj", "{8261AECD-C324-48BF-A2FA-88C352A44EB7}"
EndProject
Project("{9A19103F-16F7-4668-BE54-9A1E7A4F7556}") = "EltraResources", "..\..\xternals\common\EltraResources\EltraResources.csproj", "{A1C97C54-4FAF-459E-8117-8270A6CC93F0}"
EndProject
Global
	GlobalSection(SolutionConfigurationPlatforms) = preSolution
		Debug|Any CPU = Debug|Any CPU
		Release|Any CPU = Release|Any CPU
	EndGlobalSection
	GlobalSection(ProjectConfigurationPlatforms) = postSolution
		{61DA541A-88D6-4E99-AA52-B8B4F9945C6F}.Debug|Any CPU.ActiveCfg = Debug|Any CPU
		{61DA541A-88D6-4E99-AA52-B8B4F9945C6F}.Debug|Any CPU.Build.0 = Debug|Any CPU
		{61DA541A-88D6-4E99-AA52-B8B4F9945C6F}.Release|Any CPU.ActiveCfg = Release|Any CPU
		{61DA541A-88D6-4E99-AA52-B8B4F9945C6F}.Release|Any CPU.Build.0 = Release|Any CPU
		{C66B905C-278F-4FE3-88A6-339559187A93}.Debug|Any CPU.ActiveCfg = Debug|Any CPU
		{C66B905C-278F-4FE3-88A6-339559187A93}.Debug|Any CPU.Build.0 = Debug|Any CPU
		{C66B905C-278F-4FE3-88A6-339559187A93}.Release|Any CPU.ActiveCfg = Release|Any CPU
		{C66B905C-278F-4FE3-88A6-339559187A93}.Release|Any CPU.Build.0 = Release|Any CPU
		{0CABA914-1B24-4630-B3A8-B02AE402E731}.Debug|Any CPU.ActiveCfg = Debug|Any CPU
		{0CABA914-1B24-4630-B3A8-B02AE402E731}.Debug|Any CPU.Build.0 = Debug|Any CPU
		{0CABA914-1B24-4630-B3A8-B02AE402E731}.Release|Any CPU.ActiveCfg = Release|Any CPU
		{0CABA914-1B24-4630-B3A8-B02AE402E731}.Release|Any CPU.Build.0 = Release|Any CPU
		{8261AECD-C324-48BF-A2FA-88C352A44EB7}.Debug|Any CPU.ActiveCfg = Debug|Any CPU
		{8261AECD-C324-48BF-A2FA-88C352A44EB7}.Debug|Any CPU.Build.0 = Debug|Any CPU
		{8261AECD-C324-48BF-A2FA-88C352A44EB7}.Release|Any CPU.ActiveCfg = Release|Any CPU
		{8261AECD-C324-48BF-A2FA-88C352A44EB7}.Release|Any CPU.Build.0 = Release|Any CPU
		{A1C97C54-4FAF-459E-8117-8270A6CC93F0}.Debug|Any CPU.ActiveCfg = Debug|Any CPU
		{A1C97C54-4FAF-459E-8117-8270A6CC93F0}.Debug|Any CPU.Build.0 = Debug|Any CPU
		{A1C97C54-4FAF-459E-8117-8270A6CC93F0}.Release|Any CPU.ActiveCfg = Release|Any CPU
		{A1C97C54-4FAF-459E-8117-8270A6CC93F0}.Release|Any CPU.Build.0 = Release|Any CPU
	EndGlobalSection
	GlobalSection(SolutionProperties) = preSolution
		HideSolutionNode = FALSE
	EndGlobalSection
	GlobalSection(ExtensibilityGlobals) = postSolution
		SolutionGuid = {039580C9-47CF-4A64-B98F-806E3CCAE488}
	EndGlobalSection
EndGlobal
