
Microsoft Visual Studio Solution File, Format Version 12.00
# Visual Studio Version 16
VisualStudioVersion = 16.0.30621.155
MinimumVisualStudioVersion = 10.0.40219.1
Project("{9A19103F-16F7-4668-BE54-9A1E7A4F7556}") = "EltraWpfCommon", "EltraWpfCommon.csproj", "{71D15702-585F-451C-B599-8854D1686E44}"
EndProject
Project("{9A19103F-16F7-4668-BE54-9A1E7A4F7556}") = "EltraUiCommon", "..\EltraUiCommon\EltraUiCommon.csproj", "{FFD11C0F-AE85-4916-9527-8D588F04B9DE}"
EndProject
Project("{9A19103F-16F7-4668-BE54-9A1E7A4F7556}") = "EltraCommon", "..\EltraCommon\EltraCommon.csproj", "{257B0E72-B9EE-4919-9899-140F24A5A0B0}"
EndProject
Project("{9A19103F-16F7-4668-BE54-9A1E7A4F7556}") = "EltraConnector", "..\..\..\connect\EltraConnector\EltraConnector.csproj", "{F7A1CA2C-F206-4FC8-99BE-CBE824B38C5A}"
EndProject
Project("{9A19103F-16F7-4668-BE54-9A1E7A4F7556}") = "EltraXamCommon", "..\EltraXamCommon\EltraXamCommon.csproj", "{727D93CC-E693-48B6-9990-A3D1B37D20EF}"
EndProject
Global
	GlobalSection(SolutionConfigurationPlatforms) = preSolution
		Debug|Any CPU = Debug|Any CPU
		Release|Any CPU = Release|Any CPU
	EndGlobalSection
	GlobalSection(ProjectConfigurationPlatforms) = postSolution
		{71D15702-585F-451C-B599-8854D1686E44}.Debug|Any CPU.ActiveCfg = Debug|Any CPU
		{71D15702-585F-451C-B599-8854D1686E44}.Debug|Any CPU.Build.0 = Debug|Any CPU
		{71D15702-585F-451C-B599-8854D1686E44}.Release|Any CPU.ActiveCfg = Release|Any CPU
		{71D15702-585F-451C-B599-8854D1686E44}.Release|Any CPU.Build.0 = Release|Any CPU
		{FFD11C0F-AE85-4916-9527-8D588F04B9DE}.Debug|Any CPU.ActiveCfg = Debug|Any CPU
		{FFD11C0F-AE85-4916-9527-8D588F04B9DE}.Debug|Any CPU.Build.0 = Debug|Any CPU
		{FFD11C0F-AE85-4916-9527-8D588F04B9DE}.Release|Any CPU.ActiveCfg = Release|Any CPU
		{FFD11C0F-AE85-4916-9527-8D588F04B9DE}.Release|Any CPU.Build.0 = Release|Any CPU
		{257B0E72-B9EE-4919-9899-140F24A5A0B0}.Debug|Any CPU.ActiveCfg = Debug|Any CPU
		{257B0E72-B9EE-4919-9899-140F24A5A0B0}.Debug|Any CPU.Build.0 = Debug|Any CPU
		{257B0E72-B9EE-4919-9899-140F24A5A0B0}.Release|Any CPU.ActiveCfg = Release|Any CPU
		{257B0E72-B9EE-4919-9899-140F24A5A0B0}.Release|Any CPU.Build.0 = Release|Any CPU
		{F7A1CA2C-F206-4FC8-99BE-CBE824B38C5A}.Debug|Any CPU.ActiveCfg = Debug|Any CPU
		{F7A1CA2C-F206-4FC8-99BE-CBE824B38C5A}.Debug|Any CPU.Build.0 = Debug|Any CPU
		{F7A1CA2C-F206-4FC8-99BE-CBE824B38C5A}.Release|Any CPU.ActiveCfg = Release|Any CPU
		{F7A1CA2C-F206-4FC8-99BE-CBE824B38C5A}.Release|Any CPU.Build.0 = Release|Any CPU
		{727D93CC-E693-48B6-9990-A3D1B37D20EF}.Debug|Any CPU.ActiveCfg = Debug|Any CPU
		{727D93CC-E693-48B6-9990-A3D1B37D20EF}.Debug|Any CPU.Build.0 = Debug|Any CPU
		{727D93CC-E693-48B6-9990-A3D1B37D20EF}.Release|Any CPU.ActiveCfg = Release|Any CPU
		{727D93CC-E693-48B6-9990-A3D1B37D20EF}.Release|Any CPU.Build.0 = Release|Any CPU
	EndGlobalSection
	GlobalSection(SolutionProperties) = preSolution
		HideSolutionNode = FALSE
	EndGlobalSection
	GlobalSection(ExtensibilityGlobals) = postSolution
		SolutionGuid = {C6ECB7EE-A0FE-4209-8C16-ACE399491AA9}
	EndGlobalSection
EndGlobal
