
Microsoft Visual Studio Solution File, Format Version 12.00
# Visual Studio Version 16
VisualStudioVersion = 16.0.30204.135
MinimumVisualStudioVersion = 10.0.40219.1
Project("{9A19103F-16F7-4668-BE54-9A1E7A4F7556}") = "EltraMaster", "EltraMaster.csproj", "{F9FAC53E-FB13-4A0D-B9DB-3D1E6B14CE08}"
EndProject
Project("{9A19103F-16F7-4668-BE54-9A1E7A4F7556}") = "EltraConnector", "..\..\connect\EltraConnector\EltraConnector.csproj", "{BFA92742-6DC3-4A3C-8AD9-654D97DB118A}"
EndProject
Project("{9A19103F-16F7-4668-BE54-9A1E7A4F7556}") = "EltraCommon", "..\..\xternals\common\EltraCommon\EltraCommon.csproj", "{0006E4BE-77AC-4BE0-89F5-7EA034AA0382}"
EndProject
Project("{9A19103F-16F7-4668-BE54-9A1E7A4F7556}") = "EltraCloudContracts", "..\..\xternals\common\EltraCloudContracts\EltraCloudContracts.csproj", "{890544E3-C8C4-4510-93F5-EB4405A6F49E}"
EndProject
Global
	GlobalSection(SolutionConfigurationPlatforms) = preSolution
		Debug|Any CPU = Debug|Any CPU
		Release|Any CPU = Release|Any CPU
	EndGlobalSection
	GlobalSection(ProjectConfigurationPlatforms) = postSolution
		{F9FAC53E-FB13-4A0D-B9DB-3D1E6B14CE08}.Debug|Any CPU.ActiveCfg = Debug|Any CPU
		{F9FAC53E-FB13-4A0D-B9DB-3D1E6B14CE08}.Debug|Any CPU.Build.0 = Debug|Any CPU
		{F9FAC53E-FB13-4A0D-B9DB-3D1E6B14CE08}.Release|Any CPU.ActiveCfg = Release|Any CPU
		{F9FAC53E-FB13-4A0D-B9DB-3D1E6B14CE08}.Release|Any CPU.Build.0 = Release|Any CPU
		{BFA92742-6DC3-4A3C-8AD9-654D97DB118A}.Debug|Any CPU.ActiveCfg = Debug|Any CPU
		{BFA92742-6DC3-4A3C-8AD9-654D97DB118A}.Debug|Any CPU.Build.0 = Debug|Any CPU
		{BFA92742-6DC3-4A3C-8AD9-654D97DB118A}.Release|Any CPU.ActiveCfg = Release|Any CPU
		{BFA92742-6DC3-4A3C-8AD9-654D97DB118A}.Release|Any CPU.Build.0 = Release|Any CPU
		{0006E4BE-77AC-4BE0-89F5-7EA034AA0382}.Debug|Any CPU.ActiveCfg = Debug|Any CPU
		{0006E4BE-77AC-4BE0-89F5-7EA034AA0382}.Debug|Any CPU.Build.0 = Debug|Any CPU
		{0006E4BE-77AC-4BE0-89F5-7EA034AA0382}.Release|Any CPU.ActiveCfg = Release|Any CPU
		{0006E4BE-77AC-4BE0-89F5-7EA034AA0382}.Release|Any CPU.Build.0 = Release|Any CPU
		{890544E3-C8C4-4510-93F5-EB4405A6F49E}.Debug|Any CPU.ActiveCfg = Debug|Any CPU
		{890544E3-C8C4-4510-93F5-EB4405A6F49E}.Debug|Any CPU.Build.0 = Debug|Any CPU
		{890544E3-C8C4-4510-93F5-EB4405A6F49E}.Release|Any CPU.ActiveCfg = Release|Any CPU
		{890544E3-C8C4-4510-93F5-EB4405A6F49E}.Release|Any CPU.Build.0 = Release|Any CPU
	EndGlobalSection
	GlobalSection(SolutionProperties) = preSolution
		HideSolutionNode = FALSE
	EndGlobalSection
	GlobalSection(ExtensibilityGlobals) = postSolution
		SolutionGuid = {4ECF5241-31CE-47C5-B9D2-219B333892F5}
	EndGlobalSection
EndGlobal
