
Microsoft Visual Studio Solution File, Format Version 12.00
# Visual Studio Version 16
VisualStudioVersion = 16.0.30611.23
MinimumVisualStudioVersion = 10.0.40219.1
Project("{9A19103F-16F7-4668-BE54-9A1E7A4F7556}") = "EltraNavigoMPlayer", "EltraNavigoMPlayer.csproj", "{F86100D0-C0FA-448D-82CE-1F07B0C2B94C}"
EndProject
Project("{9A19103F-16F7-4668-BE54-9A1E7A4F7556}") = "MPlayerCommon", "..\..\Common\MPlayerCommon\MPlayerCommon.csproj", "{458433E7-0710-48A6-B8A0-2172D87B6F02}"
EndProject
Project("{9A19103F-16F7-4668-BE54-9A1E7A4F7556}") = "EltraXamCommon", "..\..\..\..\xternals\common\EltraXamCommon\EltraXamCommon.csproj", "{D53BBF2D-0888-494B-9D44-36A65A66B825}"
EndProject
Global
	GlobalSection(SolutionConfigurationPlatforms) = preSolution
		Debug|Any CPU = Debug|Any CPU
		Release|Any CPU = Release|Any CPU
	EndGlobalSection
	GlobalSection(ProjectConfigurationPlatforms) = postSolution
		{F86100D0-C0FA-448D-82CE-1F07B0C2B94C}.Debug|Any CPU.ActiveCfg = Debug|Any CPU
		{F86100D0-C0FA-448D-82CE-1F07B0C2B94C}.Debug|Any CPU.Build.0 = Debug|Any CPU
		{F86100D0-C0FA-448D-82CE-1F07B0C2B94C}.Release|Any CPU.ActiveCfg = Release|Any CPU
		{F86100D0-C0FA-448D-82CE-1F07B0C2B94C}.Release|Any CPU.Build.0 = Release|Any CPU
		{458433E7-0710-48A6-B8A0-2172D87B6F02}.Debug|Any CPU.ActiveCfg = Debug|Any CPU
		{458433E7-0710-48A6-B8A0-2172D87B6F02}.Debug|Any CPU.Build.0 = Debug|Any CPU
		{458433E7-0710-48A6-B8A0-2172D87B6F02}.Release|Any CPU.ActiveCfg = Release|Any CPU
		{458433E7-0710-48A6-B8A0-2172D87B6F02}.Release|Any CPU.Build.0 = Release|Any CPU
		{D53BBF2D-0888-494B-9D44-36A65A66B825}.Debug|Any CPU.ActiveCfg = Debug|Any CPU
		{D53BBF2D-0888-494B-9D44-36A65A66B825}.Debug|Any CPU.Build.0 = Debug|Any CPU
		{D53BBF2D-0888-494B-9D44-36A65A66B825}.Release|Any CPU.ActiveCfg = Release|Any CPU
		{D53BBF2D-0888-494B-9D44-36A65A66B825}.Release|Any CPU.Build.0 = Release|Any CPU
	EndGlobalSection
	GlobalSection(SolutionProperties) = preSolution
		HideSolutionNode = FALSE
	EndGlobalSection
	GlobalSection(ExtensibilityGlobals) = postSolution
		SolutionGuid = {D6B3AC70-E53D-4E19-A212-377DA2E7C0BC}
	EndGlobalSection
EndGlobal
