
Microsoft Visual Studio Solution File, Format Version 12.00
# Visual Studio Version 16
VisualStudioVersion = 16.0.29709.97
MinimumVisualStudioVersion = 10.0.40219.1
Project("{8BC9CEB8-8B4A-11D0-8D11-00A0C91BC942}") = "EltraBmp180", "Bmp180\build\EltraBmp180.vcxproj", "{C1AEEFEF-F55C-3DF3-9832-D310E12F5F13}"
EndProject
Project("{8BC9CEB8-8B4A-11D0-8D11-00A0C91BC942}") = "EltraDht22", "Dht22\build\EltraDht22.vcxproj", "{62978797-0C2E-3BA0-A196-334B7FEFE062}"
EndProject
Project("{8BC9CEB8-8B4A-11D0-8D11-00A0C91BC942}") = "EltraRelay", "Relay\build\EltraRelay.vcxproj", "{A2A7DD5C-CB36-38CC-801B-8F819BE92479}"
EndProject
Project("{8BC9CEB8-8B4A-11D0-8D11-00A0C91BC942}") = "EltraSds011", "Sds011\build\EltraSds011.vcxproj", "{FB6AF358-AB2C-395F-A32F-111DEB058DF3}"
EndProject
Project("{8BC9CEB8-8B4A-11D0-8D11-00A0C91BC942}") = "EltraFsWebCam", "FsWebCam\build\EltraFsWebCam.vcxproj", "{8B5A39B9-0DFF-3C22-915D-AAAF62AC1BF4}"
EndProject
Global
	GlobalSection(SolutionConfigurationPlatforms) = preSolution
		Debug|x64 = Debug|x64
		MinSizeRel|x64 = MinSizeRel|x64
		Release|x64 = Release|x64
		RelWithDebInfo|x64 = RelWithDebInfo|x64
	EndGlobalSection
	GlobalSection(ProjectConfigurationPlatforms) = postSolution
		{C1AEEFEF-F55C-3DF3-9832-D310E12F5F13}.Debug|x64.ActiveCfg = Debug|x64
		{C1AEEFEF-F55C-3DF3-9832-D310E12F5F13}.Debug|x64.Build.0 = Debug|x64
		{C1AEEFEF-F55C-3DF3-9832-D310E12F5F13}.MinSizeRel|x64.ActiveCfg = MinSizeRel|x64
		{C1AEEFEF-F55C-3DF3-9832-D310E12F5F13}.MinSizeRel|x64.Build.0 = MinSizeRel|x64
		{C1AEEFEF-F55C-3DF3-9832-D310E12F5F13}.Release|x64.ActiveCfg = Release|x64
		{C1AEEFEF-F55C-3DF3-9832-D310E12F5F13}.Release|x64.Build.0 = Release|x64
		{C1AEEFEF-F55C-3DF3-9832-D310E12F5F13}.RelWithDebInfo|x64.ActiveCfg = RelWithDebInfo|x64
		{C1AEEFEF-F55C-3DF3-9832-D310E12F5F13}.RelWithDebInfo|x64.Build.0 = RelWithDebInfo|x64
		{62978797-0C2E-3BA0-A196-334B7FEFE062}.Debug|x64.ActiveCfg = Debug|x64
		{62978797-0C2E-3BA0-A196-334B7FEFE062}.Debug|x64.Build.0 = Debug|x64
		{62978797-0C2E-3BA0-A196-334B7FEFE062}.MinSizeRel|x64.ActiveCfg = MinSizeRel|x64
		{62978797-0C2E-3BA0-A196-334B7FEFE062}.MinSizeRel|x64.Build.0 = MinSizeRel|x64
		{62978797-0C2E-3BA0-A196-334B7FEFE062}.Release|x64.ActiveCfg = Release|x64
		{62978797-0C2E-3BA0-A196-334B7FEFE062}.Release|x64.Build.0 = Release|x64
		{62978797-0C2E-3BA0-A196-334B7FEFE062}.RelWithDebInfo|x64.ActiveCfg = RelWithDebInfo|x64
		{62978797-0C2E-3BA0-A196-334B7FEFE062}.RelWithDebInfo|x64.Build.0 = RelWithDebInfo|x64
		{A2A7DD5C-CB36-38CC-801B-8F819BE92479}.Debug|x64.ActiveCfg = Debug|x64
		{A2A7DD5C-CB36-38CC-801B-8F819BE92479}.Debug|x64.Build.0 = Debug|x64
		{A2A7DD5C-CB36-38CC-801B-8F819BE92479}.MinSizeRel|x64.ActiveCfg = MinSizeRel|x64
		{A2A7DD5C-CB36-38CC-801B-8F819BE92479}.MinSizeRel|x64.Build.0 = MinSizeRel|x64
		{A2A7DD5C-CB36-38CC-801B-8F819BE92479}.Release|x64.ActiveCfg = Release|x64
		{A2A7DD5C-CB36-38CC-801B-8F819BE92479}.Release|x64.Build.0 = Release|x64
		{A2A7DD5C-CB36-38CC-801B-8F819BE92479}.RelWithDebInfo|x64.ActiveCfg = RelWithDebInfo|x64
		{A2A7DD5C-CB36-38CC-801B-8F819BE92479}.RelWithDebInfo|x64.Build.0 = RelWithDebInfo|x64
		{FB6AF358-AB2C-395F-A32F-111DEB058DF3}.Debug|x64.ActiveCfg = Debug|x64
		{FB6AF358-AB2C-395F-A32F-111DEB058DF3}.Debug|x64.Build.0 = Debug|x64
		{FB6AF358-AB2C-395F-A32F-111DEB058DF3}.MinSizeRel|x64.ActiveCfg = MinSizeRel|x64
		{FB6AF358-AB2C-395F-A32F-111DEB058DF3}.MinSizeRel|x64.Build.0 = MinSizeRel|x64
		{FB6AF358-AB2C-395F-A32F-111DEB058DF3}.Release|x64.ActiveCfg = Release|x64
		{FB6AF358-AB2C-395F-A32F-111DEB058DF3}.Release|x64.Build.0 = Release|x64
		{FB6AF358-AB2C-395F-A32F-111DEB058DF3}.RelWithDebInfo|x64.ActiveCfg = RelWithDebInfo|x64
		{FB6AF358-AB2C-395F-A32F-111DEB058DF3}.RelWithDebInfo|x64.Build.0 = RelWithDebInfo|x64
		{8B5A39B9-0DFF-3C22-915D-AAAF62AC1BF4}.Debug|x64.ActiveCfg = Debug|x64
		{8B5A39B9-0DFF-3C22-915D-AAAF62AC1BF4}.Debug|x64.Build.0 = Debug|x64
		{8B5A39B9-0DFF-3C22-915D-AAAF62AC1BF4}.MinSizeRel|x64.ActiveCfg = MinSizeRel|x64
		{8B5A39B9-0DFF-3C22-915D-AAAF62AC1BF4}.MinSizeRel|x64.Build.0 = MinSizeRel|x64
		{8B5A39B9-0DFF-3C22-915D-AAAF62AC1BF4}.Release|x64.ActiveCfg = Release|x64
		{8B5A39B9-0DFF-3C22-915D-AAAF62AC1BF4}.Release|x64.Build.0 = Release|x64
		{8B5A39B9-0DFF-3C22-915D-AAAF62AC1BF4}.RelWithDebInfo|x64.ActiveCfg = RelWithDebInfo|x64
		{8B5A39B9-0DFF-3C22-915D-AAAF62AC1BF4}.RelWithDebInfo|x64.Build.0 = RelWithDebInfo|x64
	EndGlobalSection
	GlobalSection(SolutionProperties) = preSolution
		HideSolutionNode = FALSE
	EndGlobalSection
	GlobalSection(ExtensibilityGlobals) = postSolution
		SolutionGuid = {2F16115B-AFE2-3D8E-9ABD-27B31C2CA153}
	EndGlobalSection
EndGlobal
