
Microsoft Visual Studio Solution File, Format Version 12.00
# Visual Studio Version 16
VisualStudioVersion = 16.0.29709.97
MinimumVisualStudioVersion = 10.0.40219.1
Project("{8BC9CEB8-8B4A-11D0-8D11-00A0C91BC942}") = "EltraBmp180", "Bmp180\build\EltraBmp180.vcxproj", "{6AD8AC9E-6E95-3BC2-936E-4738969A104A}"
EndProject
Project("{8BC9CEB8-8B4A-11D0-8D11-00A0C91BC942}") = "EltraDht22", "Dht22\build\EltraDht22.vcxproj", "{1968881B-2B08-3A02-ACD2-DA4DB9A188BF}"
EndProject
Project("{8BC9CEB8-8B4A-11D0-8D11-00A0C91BC942}") = "EltraRelay", "Relay\build\EltraRelay.vcxproj", "{5F75C95D-2CD3-3A48-BE99-213699D754C8}"
EndProject
Project("{8BC9CEB8-8B4A-11D0-8D11-00A0C91BC942}") = "EltraSds011", "Sds011\build\EltraSds011.vcxproj", "{EF9280E1-4F83-3BA1-BCD7-8CE8F5FEEA30}"
EndProject
Global
	GlobalSection(SolutionConfigurationPlatforms) = preSolution
		Debug|x64 = Debug|x64
		MinSizeRel|x64 = MinSizeRel|x64
		Release|x64 = Release|x64
		RelWithDebInfo|x64 = RelWithDebInfo|x64
	EndGlobalSection
	GlobalSection(ProjectConfigurationPlatforms) = postSolution
		{6AD8AC9E-6E95-3BC2-936E-4738969A104A}.Debug|x64.ActiveCfg = Debug|x64
		{6AD8AC9E-6E95-3BC2-936E-4738969A104A}.Debug|x64.Build.0 = Debug|x64
		{6AD8AC9E-6E95-3BC2-936E-4738969A104A}.MinSizeRel|x64.ActiveCfg = MinSizeRel|x64
		{6AD8AC9E-6E95-3BC2-936E-4738969A104A}.MinSizeRel|x64.Build.0 = MinSizeRel|x64
		{6AD8AC9E-6E95-3BC2-936E-4738969A104A}.Release|x64.ActiveCfg = Release|x64
		{6AD8AC9E-6E95-3BC2-936E-4738969A104A}.Release|x64.Build.0 = Release|x64
		{6AD8AC9E-6E95-3BC2-936E-4738969A104A}.RelWithDebInfo|x64.ActiveCfg = RelWithDebInfo|x64
		{6AD8AC9E-6E95-3BC2-936E-4738969A104A}.RelWithDebInfo|x64.Build.0 = RelWithDebInfo|x64
		{1968881B-2B08-3A02-ACD2-DA4DB9A188BF}.Debug|x64.ActiveCfg = Debug|x64
		{1968881B-2B08-3A02-ACD2-DA4DB9A188BF}.Debug|x64.Build.0 = Debug|x64
		{1968881B-2B08-3A02-ACD2-DA4DB9A188BF}.MinSizeRel|x64.ActiveCfg = MinSizeRel|x64
		{1968881B-2B08-3A02-ACD2-DA4DB9A188BF}.MinSizeRel|x64.Build.0 = MinSizeRel|x64
		{1968881B-2B08-3A02-ACD2-DA4DB9A188BF}.Release|x64.ActiveCfg = Release|x64
		{1968881B-2B08-3A02-ACD2-DA4DB9A188BF}.Release|x64.Build.0 = Release|x64
		{1968881B-2B08-3A02-ACD2-DA4DB9A188BF}.RelWithDebInfo|x64.ActiveCfg = RelWithDebInfo|x64
		{1968881B-2B08-3A02-ACD2-DA4DB9A188BF}.RelWithDebInfo|x64.Build.0 = RelWithDebInfo|x64
		{5F75C95D-2CD3-3A48-BE99-213699D754C8}.Debug|x64.ActiveCfg = Debug|x64
		{5F75C95D-2CD3-3A48-BE99-213699D754C8}.Debug|x64.Build.0 = Debug|x64
		{5F75C95D-2CD3-3A48-BE99-213699D754C8}.MinSizeRel|x64.ActiveCfg = MinSizeRel|x64
		{5F75C95D-2CD3-3A48-BE99-213699D754C8}.MinSizeRel|x64.Build.0 = MinSizeRel|x64
		{5F75C95D-2CD3-3A48-BE99-213699D754C8}.Release|x64.ActiveCfg = Release|x64
		{5F75C95D-2CD3-3A48-BE99-213699D754C8}.Release|x64.Build.0 = Release|x64
		{5F75C95D-2CD3-3A48-BE99-213699D754C8}.RelWithDebInfo|x64.ActiveCfg = RelWithDebInfo|x64
		{5F75C95D-2CD3-3A48-BE99-213699D754C8}.RelWithDebInfo|x64.Build.0 = RelWithDebInfo|x64
		{EF9280E1-4F83-3BA1-BCD7-8CE8F5FEEA30}.Debug|x64.ActiveCfg = Debug|x64
		{EF9280E1-4F83-3BA1-BCD7-8CE8F5FEEA30}.Debug|x64.Build.0 = Debug|x64
		{EF9280E1-4F83-3BA1-BCD7-8CE8F5FEEA30}.MinSizeRel|x64.ActiveCfg = MinSizeRel|x64
		{EF9280E1-4F83-3BA1-BCD7-8CE8F5FEEA30}.MinSizeRel|x64.Build.0 = MinSizeRel|x64
		{EF9280E1-4F83-3BA1-BCD7-8CE8F5FEEA30}.Release|x64.ActiveCfg = Release|x64
		{EF9280E1-4F83-3BA1-BCD7-8CE8F5FEEA30}.Release|x64.Build.0 = Release|x64
		{EF9280E1-4F83-3BA1-BCD7-8CE8F5FEEA30}.RelWithDebInfo|x64.ActiveCfg = RelWithDebInfo|x64
		{EF9280E1-4F83-3BA1-BCD7-8CE8F5FEEA30}.RelWithDebInfo|x64.Build.0 = RelWithDebInfo|x64
	EndGlobalSection
	GlobalSection(SolutionProperties) = preSolution
		HideSolutionNode = FALSE
	EndGlobalSection
	GlobalSection(ExtensibilityGlobals) = postSolution
		SolutionGuid = {2F16115B-AFE2-3D8E-9ABD-27B31C2CA153}
	EndGlobalSection
EndGlobal
