
Microsoft Visual Studio Solution File, Format Version 12.00
# Visual Studio Version 16
VisualStudioVersion = 16.0.28803.156
MinimumVisualStudioVersion = 10.0.40219.1
Project("{FAE04EC0-301F-11D3-BF4B-00C04F79EFBC}") = "EltraNotKauf.UWP", "EltraNotKauf\EltraNotKauf.UWP\EltraNotKauf.UWP.csproj", "{4B50FCDE-19AC-42B7-BA07-471EC65B9E55}"
EndProject
Project("{FAE04EC0-301F-11D3-BF4B-00C04F79EFBC}") = "EltraNotKauf.Android", "EltraNotKauf\EltraNotKauf.Android\EltraNotKauf.Android.csproj", "{209F3E34-7714-4342-A2D4-AC5D3B276262}"
EndProject
Project("{FAE04EC0-301F-11D3-BF4B-00C04F79EFBC}") = "EltraNotKauf.iOS", "EltraNotKauf\EltraNotKauf.iOS\EltraNotKauf.iOS.csproj", "{0E3B9588-EDC0-4051-B602-55A10DAD6105}"
EndProject
Project("{9A19103F-16F7-4668-BE54-9A1E7A4F7556}") = "EltraNotKauf", "EltraNotKauf\EltraNotKauf\EltraNotKauf.csproj", "{669433DD-FA1A-4A98-A30A-A65F7A9F3F7E}"
EndProject
Project("{9A19103F-16F7-4668-BE54-9A1E7A4F7556}") = "EltraConnector", "..\xternals\Connect\EltraConnector\EltraConnector.csproj", "{EA98E84E-3E8E-4F5D-8377-CB8658EBDF9B}"
EndProject
Project("{9A19103F-16F7-4668-BE54-9A1E7A4F7556}") = "EltraCommon", "..\xternals\Common\EltraCommon\EltraCommon.csproj", "{D5CB1686-F4F6-470A-89C7-71941A3924F9}"
EndProject
Project("{9A19103F-16F7-4668-BE54-9A1E7A4F7556}") = "EltraCloudContracts", "..\xternals\Common\EltraCloudContracts\EltraCloudContracts.csproj", "{EE136B72-E890-4078-A5C9-4BBD87229FFB}"
EndProject
Project("{9A19103F-16F7-4668-BE54-9A1E7A4F7556}") = "EltraResources", "..\xternals\Common\EltraResources\EltraResources.csproj", "{BDC23CFD-B6D8-4C9C-97C2-90C567ECF7B1}"
EndProject
Global
	GlobalSection(SolutionConfigurationPlatforms) = preSolution
		Debug|Any CPU = Debug|Any CPU
		Debug|ARM = Debug|ARM
		Debug|iPhone = Debug|iPhone
		Debug|iPhoneSimulator = Debug|iPhoneSimulator
		Debug|x64 = Debug|x64
		Debug|x86 = Debug|x86
		Release|Any CPU = Release|Any CPU
		Release|ARM = Release|ARM
		Release|iPhone = Release|iPhone
		Release|iPhoneSimulator = Release|iPhoneSimulator
		Release|x64 = Release|x64
		Release|x86 = Release|x86
	EndGlobalSection
	GlobalSection(ProjectConfigurationPlatforms) = postSolution
		{4B50FCDE-19AC-42B7-BA07-471EC65B9E55}.Debug|Any CPU.ActiveCfg = Debug|x86
		{4B50FCDE-19AC-42B7-BA07-471EC65B9E55}.Debug|Any CPU.Build.0 = Debug|x86
		{4B50FCDE-19AC-42B7-BA07-471EC65B9E55}.Debug|Any CPU.Deploy.0 = Debug|x86
		{4B50FCDE-19AC-42B7-BA07-471EC65B9E55}.Debug|ARM.ActiveCfg = Debug|ARM
		{4B50FCDE-19AC-42B7-BA07-471EC65B9E55}.Debug|ARM.Build.0 = Debug|ARM
		{4B50FCDE-19AC-42B7-BA07-471EC65B9E55}.Debug|ARM.Deploy.0 = Debug|ARM
		{4B50FCDE-19AC-42B7-BA07-471EC65B9E55}.Debug|iPhone.ActiveCfg = Debug|x86
		{4B50FCDE-19AC-42B7-BA07-471EC65B9E55}.Debug|iPhone.Build.0 = Debug|x86
		{4B50FCDE-19AC-42B7-BA07-471EC65B9E55}.Debug|iPhone.Deploy.0 = Debug|x86
		{4B50FCDE-19AC-42B7-BA07-471EC65B9E55}.Debug|iPhoneSimulator.ActiveCfg = Debug|x86
		{4B50FCDE-19AC-42B7-BA07-471EC65B9E55}.Debug|iPhoneSimulator.Build.0 = Debug|x86
		{4B50FCDE-19AC-42B7-BA07-471EC65B9E55}.Debug|iPhoneSimulator.Deploy.0 = Debug|x86
		{4B50FCDE-19AC-42B7-BA07-471EC65B9E55}.Debug|x64.ActiveCfg = Debug|x64
		{4B50FCDE-19AC-42B7-BA07-471EC65B9E55}.Debug|x64.Build.0 = Debug|x64
		{4B50FCDE-19AC-42B7-BA07-471EC65B9E55}.Debug|x64.Deploy.0 = Debug|x64
		{4B50FCDE-19AC-42B7-BA07-471EC65B9E55}.Debug|x86.ActiveCfg = Debug|x86
		{4B50FCDE-19AC-42B7-BA07-471EC65B9E55}.Debug|x86.Build.0 = Debug|x86
		{4B50FCDE-19AC-42B7-BA07-471EC65B9E55}.Debug|x86.Deploy.0 = Debug|x86
		{4B50FCDE-19AC-42B7-BA07-471EC65B9E55}.Release|Any CPU.ActiveCfg = Release|x86
		{4B50FCDE-19AC-42B7-BA07-471EC65B9E55}.Release|Any CPU.Build.0 = Release|x86
		{4B50FCDE-19AC-42B7-BA07-471EC65B9E55}.Release|Any CPU.Deploy.0 = Release|x86
		{4B50FCDE-19AC-42B7-BA07-471EC65B9E55}.Release|ARM.ActiveCfg = Release|ARM
		{4B50FCDE-19AC-42B7-BA07-471EC65B9E55}.Release|ARM.Build.0 = Release|ARM
		{4B50FCDE-19AC-42B7-BA07-471EC65B9E55}.Release|ARM.Deploy.0 = Release|ARM
		{4B50FCDE-19AC-42B7-BA07-471EC65B9E55}.Release|iPhone.ActiveCfg = Release|x86
		{4B50FCDE-19AC-42B7-BA07-471EC65B9E55}.Release|iPhone.Build.0 = Release|x86
		{4B50FCDE-19AC-42B7-BA07-471EC65B9E55}.Release|iPhone.Deploy.0 = Release|x86
		{4B50FCDE-19AC-42B7-BA07-471EC65B9E55}.Release|iPhoneSimulator.ActiveCfg = Release|x86
		{4B50FCDE-19AC-42B7-BA07-471EC65B9E55}.Release|iPhoneSimulator.Build.0 = Release|x86
		{4B50FCDE-19AC-42B7-BA07-471EC65B9E55}.Release|iPhoneSimulator.Deploy.0 = Release|x86
		{4B50FCDE-19AC-42B7-BA07-471EC65B9E55}.Release|x64.ActiveCfg = Release|x64
		{4B50FCDE-19AC-42B7-BA07-471EC65B9E55}.Release|x64.Build.0 = Release|x64
		{4B50FCDE-19AC-42B7-BA07-471EC65B9E55}.Release|x64.Deploy.0 = Release|x64
		{4B50FCDE-19AC-42B7-BA07-471EC65B9E55}.Release|x86.ActiveCfg = Release|x86
		{4B50FCDE-19AC-42B7-BA07-471EC65B9E55}.Release|x86.Build.0 = Release|x86
		{4B50FCDE-19AC-42B7-BA07-471EC65B9E55}.Release|x86.Deploy.0 = Release|x86
		{209F3E34-7714-4342-A2D4-AC5D3B276262}.Debug|Any CPU.ActiveCfg = Debug|Any CPU
		{209F3E34-7714-4342-A2D4-AC5D3B276262}.Debug|Any CPU.Build.0 = Debug|Any CPU
		{209F3E34-7714-4342-A2D4-AC5D3B276262}.Debug|Any CPU.Deploy.0 = Debug|Any CPU
		{209F3E34-7714-4342-A2D4-AC5D3B276262}.Debug|ARM.ActiveCfg = Debug|Any CPU
		{209F3E34-7714-4342-A2D4-AC5D3B276262}.Debug|ARM.Build.0 = Debug|Any CPU
		{209F3E34-7714-4342-A2D4-AC5D3B276262}.Debug|ARM.Deploy.0 = Debug|Any CPU
		{209F3E34-7714-4342-A2D4-AC5D3B276262}.Debug|iPhone.ActiveCfg = Debug|Any CPU
		{209F3E34-7714-4342-A2D4-AC5D3B276262}.Debug|iPhone.Build.0 = Debug|Any CPU
		{209F3E34-7714-4342-A2D4-AC5D3B276262}.Debug|iPhone.Deploy.0 = Debug|Any CPU
		{209F3E34-7714-4342-A2D4-AC5D3B276262}.Debug|iPhoneSimulator.ActiveCfg = Debug|Any CPU
		{209F3E34-7714-4342-A2D4-AC5D3B276262}.Debug|iPhoneSimulator.Build.0 = Debug|Any CPU
		{209F3E34-7714-4342-A2D4-AC5D3B276262}.Debug|iPhoneSimulator.Deploy.0 = Debug|Any CPU
		{209F3E34-7714-4342-A2D4-AC5D3B276262}.Debug|x64.ActiveCfg = Debug|Any CPU
		{209F3E34-7714-4342-A2D4-AC5D3B276262}.Debug|x64.Build.0 = Debug|Any CPU
		{209F3E34-7714-4342-A2D4-AC5D3B276262}.Debug|x64.Deploy.0 = Debug|Any CPU
		{209F3E34-7714-4342-A2D4-AC5D3B276262}.Debug|x86.ActiveCfg = Debug|Any CPU
		{209F3E34-7714-4342-A2D4-AC5D3B276262}.Debug|x86.Build.0 = Debug|Any CPU
		{209F3E34-7714-4342-A2D4-AC5D3B276262}.Debug|x86.Deploy.0 = Debug|Any CPU
		{209F3E34-7714-4342-A2D4-AC5D3B276262}.Release|Any CPU.ActiveCfg = Release|Any CPU
		{209F3E34-7714-4342-A2D4-AC5D3B276262}.Release|Any CPU.Build.0 = Release|Any CPU
		{209F3E34-7714-4342-A2D4-AC5D3B276262}.Release|Any CPU.Deploy.0 = Release|Any CPU
		{209F3E34-7714-4342-A2D4-AC5D3B276262}.Release|ARM.ActiveCfg = Release|Any CPU
		{209F3E34-7714-4342-A2D4-AC5D3B276262}.Release|ARM.Build.0 = Release|Any CPU
		{209F3E34-7714-4342-A2D4-AC5D3B276262}.Release|ARM.Deploy.0 = Release|Any CPU
		{209F3E34-7714-4342-A2D4-AC5D3B276262}.Release|iPhone.ActiveCfg = Release|Any CPU
		{209F3E34-7714-4342-A2D4-AC5D3B276262}.Release|iPhone.Build.0 = Release|Any CPU
		{209F3E34-7714-4342-A2D4-AC5D3B276262}.Release|iPhone.Deploy.0 = Release|Any CPU
		{209F3E34-7714-4342-A2D4-AC5D3B276262}.Release|iPhoneSimulator.ActiveCfg = Release|Any CPU
		{209F3E34-7714-4342-A2D4-AC5D3B276262}.Release|iPhoneSimulator.Build.0 = Release|Any CPU
		{209F3E34-7714-4342-A2D4-AC5D3B276262}.Release|iPhoneSimulator.Deploy.0 = Release|Any CPU
		{209F3E34-7714-4342-A2D4-AC5D3B276262}.Release|x64.ActiveCfg = Release|Any CPU
		{209F3E34-7714-4342-A2D4-AC5D3B276262}.Release|x64.Build.0 = Release|Any CPU
		{209F3E34-7714-4342-A2D4-AC5D3B276262}.Release|x64.Deploy.0 = Release|Any CPU
		{209F3E34-7714-4342-A2D4-AC5D3B276262}.Release|x86.ActiveCfg = Release|Any CPU
		{209F3E34-7714-4342-A2D4-AC5D3B276262}.Release|x86.Build.0 = Release|Any CPU
		{209F3E34-7714-4342-A2D4-AC5D3B276262}.Release|x86.Deploy.0 = Release|Any CPU
		{0E3B9588-EDC0-4051-B602-55A10DAD6105}.Debug|Any CPU.ActiveCfg = Debug|iPhone
		{0E3B9588-EDC0-4051-B602-55A10DAD6105}.Debug|Any CPU.Deploy.0 = Debug|iPhone
		{0E3B9588-EDC0-4051-B602-55A10DAD6105}.Debug|ARM.ActiveCfg = Debug|iPhoneSimulator
		{0E3B9588-EDC0-4051-B602-55A10DAD6105}.Debug|ARM.Build.0 = Debug|iPhoneSimulator
		{0E3B9588-EDC0-4051-B602-55A10DAD6105}.Debug|ARM.Deploy.0 = Debug|iPhoneSimulator
		{0E3B9588-EDC0-4051-B602-55A10DAD6105}.Debug|iPhone.ActiveCfg = Debug|iPhone
		{0E3B9588-EDC0-4051-B602-55A10DAD6105}.Debug|iPhone.Build.0 = Debug|iPhone
		{0E3B9588-EDC0-4051-B602-55A10DAD6105}.Debug|iPhone.Deploy.0 = Debug|iPhone
		{0E3B9588-EDC0-4051-B602-55A10DAD6105}.Debug|iPhoneSimulator.ActiveCfg = Debug|iPhoneSimulator
		{0E3B9588-EDC0-4051-B602-55A10DAD6105}.Debug|iPhoneSimulator.Build.0 = Debug|iPhoneSimulator
		{0E3B9588-EDC0-4051-B602-55A10DAD6105}.Debug|iPhoneSimulator.Deploy.0 = Debug|iPhoneSimulator
		{0E3B9588-EDC0-4051-B602-55A10DAD6105}.Debug|x64.ActiveCfg = Debug|iPhone
		{0E3B9588-EDC0-4051-B602-55A10DAD6105}.Debug|x64.Build.0 = Debug|iPhone
		{0E3B9588-EDC0-4051-B602-55A10DAD6105}.Debug|x64.Deploy.0 = Debug|iPhone
		{0E3B9588-EDC0-4051-B602-55A10DAD6105}.Debug|x86.ActiveCfg = Debug|iPhone
		{0E3B9588-EDC0-4051-B602-55A10DAD6105}.Debug|x86.Deploy.0 = Debug|iPhone
		{0E3B9588-EDC0-4051-B602-55A10DAD6105}.Release|Any CPU.ActiveCfg = Release|iPhone
		{0E3B9588-EDC0-4051-B602-55A10DAD6105}.Release|Any CPU.Build.0 = Release|iPhone
		{0E3B9588-EDC0-4051-B602-55A10DAD6105}.Release|Any CPU.Deploy.0 = Release|iPhone
		{0E3B9588-EDC0-4051-B602-55A10DAD6105}.Release|ARM.ActiveCfg = Release|iPhone
		{0E3B9588-EDC0-4051-B602-55A10DAD6105}.Release|ARM.Build.0 = Release|iPhone
		{0E3B9588-EDC0-4051-B602-55A10DAD6105}.Release|ARM.Deploy.0 = Release|iPhone
		{0E3B9588-EDC0-4051-B602-55A10DAD6105}.Release|iPhone.ActiveCfg = Release|iPhone
		{0E3B9588-EDC0-4051-B602-55A10DAD6105}.Release|iPhone.Build.0 = Release|iPhone
		{0E3B9588-EDC0-4051-B602-55A10DAD6105}.Release|iPhone.Deploy.0 = Release|iPhone
		{0E3B9588-EDC0-4051-B602-55A10DAD6105}.Release|iPhoneSimulator.ActiveCfg = Release|iPhoneSimulator
		{0E3B9588-EDC0-4051-B602-55A10DAD6105}.Release|iPhoneSimulator.Build.0 = Release|iPhoneSimulator
		{0E3B9588-EDC0-4051-B602-55A10DAD6105}.Release|iPhoneSimulator.Deploy.0 = Release|iPhoneSimulator
		{0E3B9588-EDC0-4051-B602-55A10DAD6105}.Release|x64.ActiveCfg = Release|iPhone
		{0E3B9588-EDC0-4051-B602-55A10DAD6105}.Release|x64.Build.0 = Release|iPhone
		{0E3B9588-EDC0-4051-B602-55A10DAD6105}.Release|x64.Deploy.0 = Release|iPhone
		{0E3B9588-EDC0-4051-B602-55A10DAD6105}.Release|x86.ActiveCfg = Release|iPhone
		{0E3B9588-EDC0-4051-B602-55A10DAD6105}.Release|x86.Build.0 = Release|iPhone
		{0E3B9588-EDC0-4051-B602-55A10DAD6105}.Release|x86.Deploy.0 = Release|iPhone
		{669433DD-FA1A-4A98-A30A-A65F7A9F3F7E}.Debug|Any CPU.ActiveCfg = Debug|Any CPU
		{669433DD-FA1A-4A98-A30A-A65F7A9F3F7E}.Debug|Any CPU.Build.0 = Debug|Any CPU
		{669433DD-FA1A-4A98-A30A-A65F7A9F3F7E}.Debug|Any CPU.Deploy.0 = Debug|Any CPU
		{669433DD-FA1A-4A98-A30A-A65F7A9F3F7E}.Debug|ARM.ActiveCfg = Debug|Any CPU
		{669433DD-FA1A-4A98-A30A-A65F7A9F3F7E}.Debug|ARM.Build.0 = Debug|Any CPU
		{669433DD-FA1A-4A98-A30A-A65F7A9F3F7E}.Debug|ARM.Deploy.0 = Debug|Any CPU
		{669433DD-FA1A-4A98-A30A-A65F7A9F3F7E}.Debug|iPhone.ActiveCfg = Debug|Any CPU
		{669433DD-FA1A-4A98-A30A-A65F7A9F3F7E}.Debug|iPhone.Build.0 = Debug|Any CPU
		{669433DD-FA1A-4A98-A30A-A65F7A9F3F7E}.Debug|iPhone.Deploy.0 = Debug|Any CPU
		{669433DD-FA1A-4A98-A30A-A65F7A9F3F7E}.Debug|iPhoneSimulator.ActiveCfg = Debug|Any CPU
		{669433DD-FA1A-4A98-A30A-A65F7A9F3F7E}.Debug|iPhoneSimulator.Build.0 = Debug|Any CPU
		{669433DD-FA1A-4A98-A30A-A65F7A9F3F7E}.Debug|iPhoneSimulator.Deploy.0 = Debug|Any CPU
		{669433DD-FA1A-4A98-A30A-A65F7A9F3F7E}.Debug|x64.ActiveCfg = Debug|Any CPU
		{669433DD-FA1A-4A98-A30A-A65F7A9F3F7E}.Debug|x64.Build.0 = Debug|Any CPU
		{669433DD-FA1A-4A98-A30A-A65F7A9F3F7E}.Debug|x64.Deploy.0 = Debug|Any CPU
		{669433DD-FA1A-4A98-A30A-A65F7A9F3F7E}.Debug|x86.ActiveCfg = Debug|Any CPU
		{669433DD-FA1A-4A98-A30A-A65F7A9F3F7E}.Debug|x86.Build.0 = Debug|Any CPU
		{669433DD-FA1A-4A98-A30A-A65F7A9F3F7E}.Debug|x86.Deploy.0 = Debug|Any CPU
		{669433DD-FA1A-4A98-A30A-A65F7A9F3F7E}.Release|Any CPU.ActiveCfg = Release|Any CPU
		{669433DD-FA1A-4A98-A30A-A65F7A9F3F7E}.Release|Any CPU.Build.0 = Release|Any CPU
		{669433DD-FA1A-4A98-A30A-A65F7A9F3F7E}.Release|Any CPU.Deploy.0 = Release|Any CPU
		{669433DD-FA1A-4A98-A30A-A65F7A9F3F7E}.Release|ARM.ActiveCfg = Release|Any CPU
		{669433DD-FA1A-4A98-A30A-A65F7A9F3F7E}.Release|ARM.Build.0 = Release|Any CPU
		{669433DD-FA1A-4A98-A30A-A65F7A9F3F7E}.Release|ARM.Deploy.0 = Release|Any CPU
		{669433DD-FA1A-4A98-A30A-A65F7A9F3F7E}.Release|iPhone.ActiveCfg = Release|Any CPU
		{669433DD-FA1A-4A98-A30A-A65F7A9F3F7E}.Release|iPhone.Build.0 = Release|Any CPU
		{669433DD-FA1A-4A98-A30A-A65F7A9F3F7E}.Release|iPhone.Deploy.0 = Release|Any CPU
		{669433DD-FA1A-4A98-A30A-A65F7A9F3F7E}.Release|iPhoneSimulator.ActiveCfg = Release|Any CPU
		{669433DD-FA1A-4A98-A30A-A65F7A9F3F7E}.Release|iPhoneSimulator.Build.0 = Release|Any CPU
		{669433DD-FA1A-4A98-A30A-A65F7A9F3F7E}.Release|iPhoneSimulator.Deploy.0 = Release|Any CPU
		{669433DD-FA1A-4A98-A30A-A65F7A9F3F7E}.Release|x64.ActiveCfg = Release|Any CPU
		{669433DD-FA1A-4A98-A30A-A65F7A9F3F7E}.Release|x64.Build.0 = Release|Any CPU
		{669433DD-FA1A-4A98-A30A-A65F7A9F3F7E}.Release|x64.Deploy.0 = Release|Any CPU
		{669433DD-FA1A-4A98-A30A-A65F7A9F3F7E}.Release|x86.ActiveCfg = Release|Any CPU
		{669433DD-FA1A-4A98-A30A-A65F7A9F3F7E}.Release|x86.Build.0 = Release|Any CPU
		{669433DD-FA1A-4A98-A30A-A65F7A9F3F7E}.Release|x86.Deploy.0 = Release|Any CPU
		{EA98E84E-3E8E-4F5D-8377-CB8658EBDF9B}.Debug|Any CPU.ActiveCfg = Debug|Any CPU
		{EA98E84E-3E8E-4F5D-8377-CB8658EBDF9B}.Debug|Any CPU.Build.0 = Debug|Any CPU
		{EA98E84E-3E8E-4F5D-8377-CB8658EBDF9B}.Debug|ARM.ActiveCfg = Debug|Any CPU
		{EA98E84E-3E8E-4F5D-8377-CB8658EBDF9B}.Debug|ARM.Build.0 = Debug|Any CPU
		{EA98E84E-3E8E-4F5D-8377-CB8658EBDF9B}.Debug|iPhone.ActiveCfg = Debug|Any CPU
		{EA98E84E-3E8E-4F5D-8377-CB8658EBDF9B}.Debug|iPhone.Build.0 = Debug|Any CPU
		{EA98E84E-3E8E-4F5D-8377-CB8658EBDF9B}.Debug|iPhoneSimulator.ActiveCfg = Debug|Any CPU
		{EA98E84E-3E8E-4F5D-8377-CB8658EBDF9B}.Debug|iPhoneSimulator.Build.0 = Debug|Any CPU
		{EA98E84E-3E8E-4F5D-8377-CB8658EBDF9B}.Debug|x64.ActiveCfg = Debug|Any CPU
		{EA98E84E-3E8E-4F5D-8377-CB8658EBDF9B}.Debug|x64.Build.0 = Debug|Any CPU
		{EA98E84E-3E8E-4F5D-8377-CB8658EBDF9B}.Debug|x86.ActiveCfg = Debug|Any CPU
		{EA98E84E-3E8E-4F5D-8377-CB8658EBDF9B}.Debug|x86.Build.0 = Debug|Any CPU
		{EA98E84E-3E8E-4F5D-8377-CB8658EBDF9B}.Release|Any CPU.ActiveCfg = Release|Any CPU
		{EA98E84E-3E8E-4F5D-8377-CB8658EBDF9B}.Release|Any CPU.Build.0 = Release|Any CPU
		{EA98E84E-3E8E-4F5D-8377-CB8658EBDF9B}.Release|ARM.ActiveCfg = Release|Any CPU
		{EA98E84E-3E8E-4F5D-8377-CB8658EBDF9B}.Release|ARM.Build.0 = Release|Any CPU
		{EA98E84E-3E8E-4F5D-8377-CB8658EBDF9B}.Release|iPhone.ActiveCfg = Release|Any CPU
		{EA98E84E-3E8E-4F5D-8377-CB8658EBDF9B}.Release|iPhone.Build.0 = Release|Any CPU
		{EA98E84E-3E8E-4F5D-8377-CB8658EBDF9B}.Release|iPhoneSimulator.ActiveCfg = Release|Any CPU
		{EA98E84E-3E8E-4F5D-8377-CB8658EBDF9B}.Release|iPhoneSimulator.Build.0 = Release|Any CPU
		{EA98E84E-3E8E-4F5D-8377-CB8658EBDF9B}.Release|x64.ActiveCfg = Release|Any CPU
		{EA98E84E-3E8E-4F5D-8377-CB8658EBDF9B}.Release|x64.Build.0 = Release|Any CPU
		{EA98E84E-3E8E-4F5D-8377-CB8658EBDF9B}.Release|x86.ActiveCfg = Release|Any CPU
		{EA98E84E-3E8E-4F5D-8377-CB8658EBDF9B}.Release|x86.Build.0 = Release|Any CPU
		{D5CB1686-F4F6-470A-89C7-71941A3924F9}.Debug|Any CPU.ActiveCfg = Debug|Any CPU
		{D5CB1686-F4F6-470A-89C7-71941A3924F9}.Debug|Any CPU.Build.0 = Debug|Any CPU
		{D5CB1686-F4F6-470A-89C7-71941A3924F9}.Debug|ARM.ActiveCfg = Debug|Any CPU
		{D5CB1686-F4F6-470A-89C7-71941A3924F9}.Debug|ARM.Build.0 = Debug|Any CPU
		{D5CB1686-F4F6-470A-89C7-71941A3924F9}.Debug|iPhone.ActiveCfg = Debug|Any CPU
		{D5CB1686-F4F6-470A-89C7-71941A3924F9}.Debug|iPhone.Build.0 = Debug|Any CPU
		{D5CB1686-F4F6-470A-89C7-71941A3924F9}.Debug|iPhoneSimulator.ActiveCfg = Debug|Any CPU
		{D5CB1686-F4F6-470A-89C7-71941A3924F9}.Debug|iPhoneSimulator.Build.0 = Debug|Any CPU
		{D5CB1686-F4F6-470A-89C7-71941A3924F9}.Debug|x64.ActiveCfg = Debug|Any CPU
		{D5CB1686-F4F6-470A-89C7-71941A3924F9}.Debug|x64.Build.0 = Debug|Any CPU
		{D5CB1686-F4F6-470A-89C7-71941A3924F9}.Debug|x86.ActiveCfg = Debug|Any CPU
		{D5CB1686-F4F6-470A-89C7-71941A3924F9}.Debug|x86.Build.0 = Debug|Any CPU
		{D5CB1686-F4F6-470A-89C7-71941A3924F9}.Release|Any CPU.ActiveCfg = Release|Any CPU
		{D5CB1686-F4F6-470A-89C7-71941A3924F9}.Release|Any CPU.Build.0 = Release|Any CPU
		{D5CB1686-F4F6-470A-89C7-71941A3924F9}.Release|ARM.ActiveCfg = Release|Any CPU
		{D5CB1686-F4F6-470A-89C7-71941A3924F9}.Release|ARM.Build.0 = Release|Any CPU
		{D5CB1686-F4F6-470A-89C7-71941A3924F9}.Release|iPhone.ActiveCfg = Release|Any CPU
		{D5CB1686-F4F6-470A-89C7-71941A3924F9}.Release|iPhone.Build.0 = Release|Any CPU
		{D5CB1686-F4F6-470A-89C7-71941A3924F9}.Release|iPhoneSimulator.ActiveCfg = Release|Any CPU
		{D5CB1686-F4F6-470A-89C7-71941A3924F9}.Release|iPhoneSimulator.Build.0 = Release|Any CPU
		{D5CB1686-F4F6-470A-89C7-71941A3924F9}.Release|x64.ActiveCfg = Release|Any CPU
		{D5CB1686-F4F6-470A-89C7-71941A3924F9}.Release|x64.Build.0 = Release|Any CPU
		{D5CB1686-F4F6-470A-89C7-71941A3924F9}.Release|x86.ActiveCfg = Release|Any CPU
		{D5CB1686-F4F6-470A-89C7-71941A3924F9}.Release|x86.Build.0 = Release|Any CPU
		{EE136B72-E890-4078-A5C9-4BBD87229FFB}.Debug|Any CPU.ActiveCfg = Debug|Any CPU
		{EE136B72-E890-4078-A5C9-4BBD87229FFB}.Debug|Any CPU.Build.0 = Debug|Any CPU
		{EE136B72-E890-4078-A5C9-4BBD87229FFB}.Debug|ARM.ActiveCfg = Debug|Any CPU
		{EE136B72-E890-4078-A5C9-4BBD87229FFB}.Debug|ARM.Build.0 = Debug|Any CPU
		{EE136B72-E890-4078-A5C9-4BBD87229FFB}.Debug|iPhone.ActiveCfg = Debug|Any CPU
		{EE136B72-E890-4078-A5C9-4BBD87229FFB}.Debug|iPhone.Build.0 = Debug|Any CPU
		{EE136B72-E890-4078-A5C9-4BBD87229FFB}.Debug|iPhoneSimulator.ActiveCfg = Debug|Any CPU
		{EE136B72-E890-4078-A5C9-4BBD87229FFB}.Debug|iPhoneSimulator.Build.0 = Debug|Any CPU
		{EE136B72-E890-4078-A5C9-4BBD87229FFB}.Debug|x64.ActiveCfg = Debug|Any CPU
		{EE136B72-E890-4078-A5C9-4BBD87229FFB}.Debug|x64.Build.0 = Debug|Any CPU
		{EE136B72-E890-4078-A5C9-4BBD87229FFB}.Debug|x86.ActiveCfg = Debug|Any CPU
		{EE136B72-E890-4078-A5C9-4BBD87229FFB}.Debug|x86.Build.0 = Debug|Any CPU
		{EE136B72-E890-4078-A5C9-4BBD87229FFB}.Release|Any CPU.ActiveCfg = Release|Any CPU
		{EE136B72-E890-4078-A5C9-4BBD87229FFB}.Release|Any CPU.Build.0 = Release|Any CPU
		{EE136B72-E890-4078-A5C9-4BBD87229FFB}.Release|ARM.ActiveCfg = Release|Any CPU
		{EE136B72-E890-4078-A5C9-4BBD87229FFB}.Release|ARM.Build.0 = Release|Any CPU
		{EE136B72-E890-4078-A5C9-4BBD87229FFB}.Release|iPhone.ActiveCfg = Release|Any CPU
		{EE136B72-E890-4078-A5C9-4BBD87229FFB}.Release|iPhone.Build.0 = Release|Any CPU
		{EE136B72-E890-4078-A5C9-4BBD87229FFB}.Release|iPhoneSimulator.ActiveCfg = Release|Any CPU
		{EE136B72-E890-4078-A5C9-4BBD87229FFB}.Release|iPhoneSimulator.Build.0 = Release|Any CPU
		{EE136B72-E890-4078-A5C9-4BBD87229FFB}.Release|x64.ActiveCfg = Release|Any CPU
		{EE136B72-E890-4078-A5C9-4BBD87229FFB}.Release|x64.Build.0 = Release|Any CPU
		{EE136B72-E890-4078-A5C9-4BBD87229FFB}.Release|x86.ActiveCfg = Release|Any CPU
		{EE136B72-E890-4078-A5C9-4BBD87229FFB}.Release|x86.Build.0 = Release|Any CPU
		{BDC23CFD-B6D8-4C9C-97C2-90C567ECF7B1}.Debug|Any CPU.ActiveCfg = Debug|Any CPU
		{BDC23CFD-B6D8-4C9C-97C2-90C567ECF7B1}.Debug|Any CPU.Build.0 = Debug|Any CPU
		{BDC23CFD-B6D8-4C9C-97C2-90C567ECF7B1}.Debug|ARM.ActiveCfg = Debug|Any CPU
		{BDC23CFD-B6D8-4C9C-97C2-90C567ECF7B1}.Debug|ARM.Build.0 = Debug|Any CPU
		{BDC23CFD-B6D8-4C9C-97C2-90C567ECF7B1}.Debug|iPhone.ActiveCfg = Debug|Any CPU
		{BDC23CFD-B6D8-4C9C-97C2-90C567ECF7B1}.Debug|iPhone.Build.0 = Debug|Any CPU
		{BDC23CFD-B6D8-4C9C-97C2-90C567ECF7B1}.Debug|iPhoneSimulator.ActiveCfg = Debug|Any CPU
		{BDC23CFD-B6D8-4C9C-97C2-90C567ECF7B1}.Debug|iPhoneSimulator.Build.0 = Debug|Any CPU
		{BDC23CFD-B6D8-4C9C-97C2-90C567ECF7B1}.Debug|x64.ActiveCfg = Debug|Any CPU
		{BDC23CFD-B6D8-4C9C-97C2-90C567ECF7B1}.Debug|x64.Build.0 = Debug|Any CPU
		{BDC23CFD-B6D8-4C9C-97C2-90C567ECF7B1}.Debug|x86.ActiveCfg = Debug|Any CPU
		{BDC23CFD-B6D8-4C9C-97C2-90C567ECF7B1}.Debug|x86.Build.0 = Debug|Any CPU
		{BDC23CFD-B6D8-4C9C-97C2-90C567ECF7B1}.Release|Any CPU.ActiveCfg = Release|Any CPU
		{BDC23CFD-B6D8-4C9C-97C2-90C567ECF7B1}.Release|Any CPU.Build.0 = Release|Any CPU
		{BDC23CFD-B6D8-4C9C-97C2-90C567ECF7B1}.Release|ARM.ActiveCfg = Release|Any CPU
		{BDC23CFD-B6D8-4C9C-97C2-90C567ECF7B1}.Release|ARM.Build.0 = Release|Any CPU
		{BDC23CFD-B6D8-4C9C-97C2-90C567ECF7B1}.Release|iPhone.ActiveCfg = Release|Any CPU
		{BDC23CFD-B6D8-4C9C-97C2-90C567ECF7B1}.Release|iPhone.Build.0 = Release|Any CPU
		{BDC23CFD-B6D8-4C9C-97C2-90C567ECF7B1}.Release|iPhoneSimulator.ActiveCfg = Release|Any CPU
		{BDC23CFD-B6D8-4C9C-97C2-90C567ECF7B1}.Release|iPhoneSimulator.Build.0 = Release|Any CPU
		{BDC23CFD-B6D8-4C9C-97C2-90C567ECF7B1}.Release|x64.ActiveCfg = Release|Any CPU
		{BDC23CFD-B6D8-4C9C-97C2-90C567ECF7B1}.Release|x64.Build.0 = Release|Any CPU
		{BDC23CFD-B6D8-4C9C-97C2-90C567ECF7B1}.Release|x86.ActiveCfg = Release|Any CPU
		{BDC23CFD-B6D8-4C9C-97C2-90C567ECF7B1}.Release|x86.Build.0 = Release|Any CPU
	EndGlobalSection
	GlobalSection(SolutionProperties) = preSolution
		HideSolutionNode = FALSE
	EndGlobalSection
	GlobalSection(ExtensibilityGlobals) = postSolution
		SolutionGuid = {F46F4AE3-4ACD-41BB-A364-90E5267C922B}
	EndGlobalSection
EndGlobal
