
Microsoft Visual Studio Solution File, Format Version 12.00
# Visual Studio Version 16
VisualStudioVersion = 16.0.30503.244
MinimumVisualStudioVersion = 10.0.40219.1
Project("{9A19103F-16F7-4668-BE54-9A1E7A4F7556}") = "TestStreema", "TestStreema.csproj", "{6425467F-E191-4998-9C53-172CEAC06869}"
EndProject
Global
	GlobalSection(SolutionConfigurationPlatforms) = preSolution
		Debug|Any CPU = Debug|Any CPU
		Release|Any CPU = Release|Any CPU
	EndGlobalSection
	GlobalSection(ProjectConfigurationPlatforms) = postSolution
		{6425467F-E191-4998-9C53-172CEAC06869}.Debug|Any CPU.ActiveCfg = Debug|Any CPU
		{6425467F-E191-4998-9C53-172CEAC06869}.Debug|Any CPU.Build.0 = Debug|Any CPU
		{6425467F-E191-4998-9C53-172CEAC06869}.Release|Any CPU.ActiveCfg = Release|Any CPU
		{6425467F-E191-4998-9C53-172CEAC06869}.Release|Any CPU.Build.0 = Release|Any CPU
	EndGlobalSection
	GlobalSection(SolutionProperties) = preSolution
		HideSolutionNode = FALSE
	EndGlobalSection
	GlobalSection(ExtensibilityGlobals) = postSolution
		SolutionGuid = {FE1CEE4B-9BE0-423F-9CE1-6BF1DBAB6D93}
	EndGlobalSection
EndGlobal
