
Microsoft Visual Studio Solution File, Format Version 12.00
# Visual Studio Version 16
VisualStudioVersion = 16.0.28803.156
MinimumVisualStudioVersion = 10.0.40219.1
Project("{9A19103F-16F7-4668-BE54-9A1E7A4F7556}") = "EltraConnector", "..\xternals\Connect\EltraConnector\EltraConnector.csproj", "{2733DA52-0FA3-455A-891E-3006381A150E}"
EndProject
Project("{9A19103F-16F7-4668-BE54-9A1E7A4F7556}") = "EltraCommon", "..\xternals\Common\EltraCommon\EltraCommon.csproj", "{B49E7FA8-549A-4CF9-B209-C56F744CF9AC}"
EndProject
Project("{9A19103F-16F7-4668-BE54-9A1E7A4F7556}") = "EltraCloudContracts", "..\xternals\Common\EltraCloudContracts\EltraCloudContracts.csproj", "{F168463B-4614-4278-A263-3BE598D79850}"
EndProject
Project("{9A19103F-16F7-4668-BE54-9A1E7A4F7556}") = "EposMasterConsole", "EposMasterConsole\EposMasterConsole.csproj", "{82C22B13-D7D1-4417-B7DF-5E7F1A4BCAE7}"
EndProject
Project("{9A19103F-16F7-4668-BE54-9A1E7A4F7556}") = "EposMaster", "EposMaster\EposMaster.csproj", "{69616DB6-9413-4ED3-99CA-40FE517936CD}"
EndProject
Project("{9A19103F-16F7-4668-BE54-9A1E7A4F7556}") = "EltraResources", "..\xternals\Common\EltraResources\EltraResources.csproj", "{0ED39B3E-72B8-42D4-9945-4ECFD3463A73}"
EndProject
Project("{9A19103F-16F7-4668-BE54-9A1E7A4F7556}") = "EltraMaster", "EltraMaster\EltraMaster.csproj", "{652E7616-48B9-4C88-878A-1F25AC54D8B1}"
EndProject
Global
	GlobalSection(SolutionConfigurationPlatforms) = preSolution
		Debug|Any CPU = Debug|Any CPU
		Debug|ARM = Debug|ARM
		Debug|ARM64 = Debug|ARM64
		Debug|x64 = Debug|x64
		Debug|x86 = Debug|x86
		Release|Any CPU = Release|Any CPU
		Release|ARM = Release|ARM
		Release|ARM64 = Release|ARM64
		Release|x64 = Release|x64
		Release|x86 = Release|x86
	EndGlobalSection
	GlobalSection(ProjectConfigurationPlatforms) = postSolution
		{2733DA52-0FA3-455A-891E-3006381A150E}.Debug|Any CPU.ActiveCfg = Debug|Any CPU
		{2733DA52-0FA3-455A-891E-3006381A150E}.Debug|Any CPU.Build.0 = Debug|Any CPU
		{2733DA52-0FA3-455A-891E-3006381A150E}.Debug|ARM.ActiveCfg = Debug|Any CPU
		{2733DA52-0FA3-455A-891E-3006381A150E}.Debug|ARM.Build.0 = Debug|Any CPU
		{2733DA52-0FA3-455A-891E-3006381A150E}.Debug|ARM64.ActiveCfg = Debug|Any CPU
		{2733DA52-0FA3-455A-891E-3006381A150E}.Debug|ARM64.Build.0 = Debug|Any CPU
		{2733DA52-0FA3-455A-891E-3006381A150E}.Debug|x64.ActiveCfg = Debug|Any CPU
		{2733DA52-0FA3-455A-891E-3006381A150E}.Debug|x64.Build.0 = Debug|Any CPU
		{2733DA52-0FA3-455A-891E-3006381A150E}.Debug|x86.ActiveCfg = Debug|Any CPU
		{2733DA52-0FA3-455A-891E-3006381A150E}.Debug|x86.Build.0 = Debug|Any CPU
		{2733DA52-0FA3-455A-891E-3006381A150E}.Release|Any CPU.ActiveCfg = Release|Any CPU
		{2733DA52-0FA3-455A-891E-3006381A150E}.Release|Any CPU.Build.0 = Release|Any CPU
		{2733DA52-0FA3-455A-891E-3006381A150E}.Release|ARM.ActiveCfg = Release|Any CPU
		{2733DA52-0FA3-455A-891E-3006381A150E}.Release|ARM.Build.0 = Release|Any CPU
		{2733DA52-0FA3-455A-891E-3006381A150E}.Release|ARM64.ActiveCfg = Release|Any CPU
		{2733DA52-0FA3-455A-891E-3006381A150E}.Release|ARM64.Build.0 = Release|Any CPU
		{2733DA52-0FA3-455A-891E-3006381A150E}.Release|x64.ActiveCfg = Release|Any CPU
		{2733DA52-0FA3-455A-891E-3006381A150E}.Release|x64.Build.0 = Release|Any CPU
		{2733DA52-0FA3-455A-891E-3006381A150E}.Release|x86.ActiveCfg = Release|Any CPU
		{2733DA52-0FA3-455A-891E-3006381A150E}.Release|x86.Build.0 = Release|Any CPU
		{B49E7FA8-549A-4CF9-B209-C56F744CF9AC}.Debug|Any CPU.ActiveCfg = Debug|Any CPU
		{B49E7FA8-549A-4CF9-B209-C56F744CF9AC}.Debug|Any CPU.Build.0 = Debug|Any CPU
		{B49E7FA8-549A-4CF9-B209-C56F744CF9AC}.Debug|ARM.ActiveCfg = Debug|Any CPU
		{B49E7FA8-549A-4CF9-B209-C56F744CF9AC}.Debug|ARM.Build.0 = Debug|Any CPU
		{B49E7FA8-549A-4CF9-B209-C56F744CF9AC}.Debug|ARM64.ActiveCfg = Debug|Any CPU
		{B49E7FA8-549A-4CF9-B209-C56F744CF9AC}.Debug|ARM64.Build.0 = Debug|Any CPU
		{B49E7FA8-549A-4CF9-B209-C56F744CF9AC}.Debug|x64.ActiveCfg = Debug|Any CPU
		{B49E7FA8-549A-4CF9-B209-C56F744CF9AC}.Debug|x64.Build.0 = Debug|Any CPU
		{B49E7FA8-549A-4CF9-B209-C56F744CF9AC}.Debug|x86.ActiveCfg = Debug|Any CPU
		{B49E7FA8-549A-4CF9-B209-C56F744CF9AC}.Debug|x86.Build.0 = Debug|Any CPU
		{B49E7FA8-549A-4CF9-B209-C56F744CF9AC}.Release|Any CPU.ActiveCfg = Release|Any CPU
		{B49E7FA8-549A-4CF9-B209-C56F744CF9AC}.Release|Any CPU.Build.0 = Release|Any CPU
		{B49E7FA8-549A-4CF9-B209-C56F744CF9AC}.Release|ARM.ActiveCfg = Release|Any CPU
		{B49E7FA8-549A-4CF9-B209-C56F744CF9AC}.Release|ARM.Build.0 = Release|Any CPU
		{B49E7FA8-549A-4CF9-B209-C56F744CF9AC}.Release|ARM64.ActiveCfg = Release|Any CPU
		{B49E7FA8-549A-4CF9-B209-C56F744CF9AC}.Release|ARM64.Build.0 = Release|Any CPU
		{B49E7FA8-549A-4CF9-B209-C56F744CF9AC}.Release|x64.ActiveCfg = Release|Any CPU
		{B49E7FA8-549A-4CF9-B209-C56F744CF9AC}.Release|x64.Build.0 = Release|Any CPU
		{B49E7FA8-549A-4CF9-B209-C56F744CF9AC}.Release|x86.ActiveCfg = Release|Any CPU
		{B49E7FA8-549A-4CF9-B209-C56F744CF9AC}.Release|x86.Build.0 = Release|Any CPU
		{F168463B-4614-4278-A263-3BE598D79850}.Debug|Any CPU.ActiveCfg = Debug|Any CPU
		{F168463B-4614-4278-A263-3BE598D79850}.Debug|Any CPU.Build.0 = Debug|Any CPU
		{F168463B-4614-4278-A263-3BE598D79850}.Debug|ARM.ActiveCfg = Debug|Any CPU
		{F168463B-4614-4278-A263-3BE598D79850}.Debug|ARM.Build.0 = Debug|Any CPU
		{F168463B-4614-4278-A263-3BE598D79850}.Debug|ARM64.ActiveCfg = Debug|Any CPU
		{F168463B-4614-4278-A263-3BE598D79850}.Debug|ARM64.Build.0 = Debug|Any CPU
		{F168463B-4614-4278-A263-3BE598D79850}.Debug|x64.ActiveCfg = Debug|Any CPU
		{F168463B-4614-4278-A263-3BE598D79850}.Debug|x64.Build.0 = Debug|Any CPU
		{F168463B-4614-4278-A263-3BE598D79850}.Debug|x86.ActiveCfg = Debug|Any CPU
		{F168463B-4614-4278-A263-3BE598D79850}.Debug|x86.Build.0 = Debug|Any CPU
		{F168463B-4614-4278-A263-3BE598D79850}.Release|Any CPU.ActiveCfg = Release|Any CPU
		{F168463B-4614-4278-A263-3BE598D79850}.Release|Any CPU.Build.0 = Release|Any CPU
		{F168463B-4614-4278-A263-3BE598D79850}.Release|ARM.ActiveCfg = Release|Any CPU
		{F168463B-4614-4278-A263-3BE598D79850}.Release|ARM.Build.0 = Release|Any CPU
		{F168463B-4614-4278-A263-3BE598D79850}.Release|ARM64.ActiveCfg = Release|Any CPU
		{F168463B-4614-4278-A263-3BE598D79850}.Release|ARM64.Build.0 = Release|Any CPU
		{F168463B-4614-4278-A263-3BE598D79850}.Release|x64.ActiveCfg = Release|Any CPU
		{F168463B-4614-4278-A263-3BE598D79850}.Release|x64.Build.0 = Release|Any CPU
		{F168463B-4614-4278-A263-3BE598D79850}.Release|x86.ActiveCfg = Release|Any CPU
		{F168463B-4614-4278-A263-3BE598D79850}.Release|x86.Build.0 = Release|Any CPU
		{82C22B13-D7D1-4417-B7DF-5E7F1A4BCAE7}.Debug|Any CPU.ActiveCfg = Debug|Any CPU
		{82C22B13-D7D1-4417-B7DF-5E7F1A4BCAE7}.Debug|Any CPU.Build.0 = Debug|Any CPU
		{82C22B13-D7D1-4417-B7DF-5E7F1A4BCAE7}.Debug|ARM.ActiveCfg = Debug|Any CPU
		{82C22B13-D7D1-4417-B7DF-5E7F1A4BCAE7}.Debug|ARM.Build.0 = Debug|Any CPU
		{82C22B13-D7D1-4417-B7DF-5E7F1A4BCAE7}.Debug|ARM64.ActiveCfg = Debug|Any CPU
		{82C22B13-D7D1-4417-B7DF-5E7F1A4BCAE7}.Debug|ARM64.Build.0 = Debug|Any CPU
		{82C22B13-D7D1-4417-B7DF-5E7F1A4BCAE7}.Debug|x64.ActiveCfg = Debug|Any CPU
		{82C22B13-D7D1-4417-B7DF-5E7F1A4BCAE7}.Debug|x64.Build.0 = Debug|Any CPU
		{82C22B13-D7D1-4417-B7DF-5E7F1A4BCAE7}.Debug|x86.ActiveCfg = Debug|Any CPU
		{82C22B13-D7D1-4417-B7DF-5E7F1A4BCAE7}.Debug|x86.Build.0 = Debug|Any CPU
		{82C22B13-D7D1-4417-B7DF-5E7F1A4BCAE7}.Release|Any CPU.ActiveCfg = Release|Any CPU
		{82C22B13-D7D1-4417-B7DF-5E7F1A4BCAE7}.Release|Any CPU.Build.0 = Release|Any CPU
		{82C22B13-D7D1-4417-B7DF-5E7F1A4BCAE7}.Release|ARM.ActiveCfg = Release|Any CPU
		{82C22B13-D7D1-4417-B7DF-5E7F1A4BCAE7}.Release|ARM.Build.0 = Release|Any CPU
		{82C22B13-D7D1-4417-B7DF-5E7F1A4BCAE7}.Release|ARM64.ActiveCfg = Release|Any CPU
		{82C22B13-D7D1-4417-B7DF-5E7F1A4BCAE7}.Release|ARM64.Build.0 = Release|Any CPU
		{82C22B13-D7D1-4417-B7DF-5E7F1A4BCAE7}.Release|x64.ActiveCfg = Release|Any CPU
		{82C22B13-D7D1-4417-B7DF-5E7F1A4BCAE7}.Release|x64.Build.0 = Release|Any CPU
		{82C22B13-D7D1-4417-B7DF-5E7F1A4BCAE7}.Release|x86.ActiveCfg = Release|Any CPU
		{82C22B13-D7D1-4417-B7DF-5E7F1A4BCAE7}.Release|x86.Build.0 = Release|Any CPU
		{69616DB6-9413-4ED3-99CA-40FE517936CD}.Debug|Any CPU.ActiveCfg = Debug|Any CPU
		{69616DB6-9413-4ED3-99CA-40FE517936CD}.Debug|Any CPU.Build.0 = Debug|Any CPU
		{69616DB6-9413-4ED3-99CA-40FE517936CD}.Debug|ARM.ActiveCfg = Debug|Any CPU
		{69616DB6-9413-4ED3-99CA-40FE517936CD}.Debug|ARM.Build.0 = Debug|Any CPU
		{69616DB6-9413-4ED3-99CA-40FE517936CD}.Debug|ARM64.ActiveCfg = Debug|Any CPU
		{69616DB6-9413-4ED3-99CA-40FE517936CD}.Debug|ARM64.Build.0 = Debug|Any CPU
		{69616DB6-9413-4ED3-99CA-40FE517936CD}.Debug|x64.ActiveCfg = Debug|Any CPU
		{69616DB6-9413-4ED3-99CA-40FE517936CD}.Debug|x64.Build.0 = Debug|Any CPU
		{69616DB6-9413-4ED3-99CA-40FE517936CD}.Debug|x86.ActiveCfg = Debug|Any CPU
		{69616DB6-9413-4ED3-99CA-40FE517936CD}.Debug|x86.Build.0 = Debug|Any CPU
		{69616DB6-9413-4ED3-99CA-40FE517936CD}.Release|Any CPU.ActiveCfg = Release|Any CPU
		{69616DB6-9413-4ED3-99CA-40FE517936CD}.Release|Any CPU.Build.0 = Release|Any CPU
		{69616DB6-9413-4ED3-99CA-40FE517936CD}.Release|ARM.ActiveCfg = Release|Any CPU
		{69616DB6-9413-4ED3-99CA-40FE517936CD}.Release|ARM.Build.0 = Release|Any CPU
		{69616DB6-9413-4ED3-99CA-40FE517936CD}.Release|ARM64.ActiveCfg = Release|Any CPU
		{69616DB6-9413-4ED3-99CA-40FE517936CD}.Release|ARM64.Build.0 = Release|Any CPU
		{69616DB6-9413-4ED3-99CA-40FE517936CD}.Release|x64.ActiveCfg = Release|Any CPU
		{69616DB6-9413-4ED3-99CA-40FE517936CD}.Release|x64.Build.0 = Release|Any CPU
		{69616DB6-9413-4ED3-99CA-40FE517936CD}.Release|x86.ActiveCfg = Release|Any CPU
		{69616DB6-9413-4ED3-99CA-40FE517936CD}.Release|x86.Build.0 = Release|Any CPU
		{0ED39B3E-72B8-42D4-9945-4ECFD3463A73}.Debug|Any CPU.ActiveCfg = Debug|Any CPU
		{0ED39B3E-72B8-42D4-9945-4ECFD3463A73}.Debug|Any CPU.Build.0 = Debug|Any CPU
		{0ED39B3E-72B8-42D4-9945-4ECFD3463A73}.Debug|ARM.ActiveCfg = Debug|Any CPU
		{0ED39B3E-72B8-42D4-9945-4ECFD3463A73}.Debug|ARM.Build.0 = Debug|Any CPU
		{0ED39B3E-72B8-42D4-9945-4ECFD3463A73}.Debug|ARM64.ActiveCfg = Debug|Any CPU
		{0ED39B3E-72B8-42D4-9945-4ECFD3463A73}.Debug|ARM64.Build.0 = Debug|Any CPU
		{0ED39B3E-72B8-42D4-9945-4ECFD3463A73}.Debug|x64.ActiveCfg = Debug|Any CPU
		{0ED39B3E-72B8-42D4-9945-4ECFD3463A73}.Debug|x64.Build.0 = Debug|Any CPU
		{0ED39B3E-72B8-42D4-9945-4ECFD3463A73}.Debug|x86.ActiveCfg = Debug|Any CPU
		{0ED39B3E-72B8-42D4-9945-4ECFD3463A73}.Debug|x86.Build.0 = Debug|Any CPU
		{0ED39B3E-72B8-42D4-9945-4ECFD3463A73}.Release|Any CPU.ActiveCfg = Release|Any CPU
		{0ED39B3E-72B8-42D4-9945-4ECFD3463A73}.Release|Any CPU.Build.0 = Release|Any CPU
		{0ED39B3E-72B8-42D4-9945-4ECFD3463A73}.Release|ARM.ActiveCfg = Release|Any CPU
		{0ED39B3E-72B8-42D4-9945-4ECFD3463A73}.Release|ARM.Build.0 = Release|Any CPU
		{0ED39B3E-72B8-42D4-9945-4ECFD3463A73}.Release|ARM64.ActiveCfg = Release|Any CPU
		{0ED39B3E-72B8-42D4-9945-4ECFD3463A73}.Release|ARM64.Build.0 = Release|Any CPU
		{0ED39B3E-72B8-42D4-9945-4ECFD3463A73}.Release|x64.ActiveCfg = Release|Any CPU
		{0ED39B3E-72B8-42D4-9945-4ECFD3463A73}.Release|x64.Build.0 = Release|Any CPU
		{0ED39B3E-72B8-42D4-9945-4ECFD3463A73}.Release|x86.ActiveCfg = Release|Any CPU
		{0ED39B3E-72B8-42D4-9945-4ECFD3463A73}.Release|x86.Build.0 = Release|Any CPU
		{652E7616-48B9-4C88-878A-1F25AC54D8B1}.Debug|Any CPU.ActiveCfg = Debug|Any CPU
		{652E7616-48B9-4C88-878A-1F25AC54D8B1}.Debug|Any CPU.Build.0 = Debug|Any CPU
		{652E7616-48B9-4C88-878A-1F25AC54D8B1}.Debug|ARM.ActiveCfg = Debug|Any CPU
		{652E7616-48B9-4C88-878A-1F25AC54D8B1}.Debug|ARM.Build.0 = Debug|Any CPU
		{652E7616-48B9-4C88-878A-1F25AC54D8B1}.Debug|ARM64.ActiveCfg = Debug|Any CPU
		{652E7616-48B9-4C88-878A-1F25AC54D8B1}.Debug|ARM64.Build.0 = Debug|Any CPU
		{652E7616-48B9-4C88-878A-1F25AC54D8B1}.Debug|x64.ActiveCfg = Debug|Any CPU
		{652E7616-48B9-4C88-878A-1F25AC54D8B1}.Debug|x64.Build.0 = Debug|Any CPU
		{652E7616-48B9-4C88-878A-1F25AC54D8B1}.Debug|x86.ActiveCfg = Debug|Any CPU
		{652E7616-48B9-4C88-878A-1F25AC54D8B1}.Debug|x86.Build.0 = Debug|Any CPU
		{652E7616-48B9-4C88-878A-1F25AC54D8B1}.Release|Any CPU.ActiveCfg = Release|Any CPU
		{652E7616-48B9-4C88-878A-1F25AC54D8B1}.Release|Any CPU.Build.0 = Release|Any CPU
		{652E7616-48B9-4C88-878A-1F25AC54D8B1}.Release|ARM.ActiveCfg = Release|Any CPU
		{652E7616-48B9-4C88-878A-1F25AC54D8B1}.Release|ARM.Build.0 = Release|Any CPU
		{652E7616-48B9-4C88-878A-1F25AC54D8B1}.Release|ARM64.ActiveCfg = Release|Any CPU
		{652E7616-48B9-4C88-878A-1F25AC54D8B1}.Release|ARM64.Build.0 = Release|Any CPU
		{652E7616-48B9-4C88-878A-1F25AC54D8B1}.Release|x64.ActiveCfg = Release|Any CPU
		{652E7616-48B9-4C88-878A-1F25AC54D8B1}.Release|x64.Build.0 = Release|Any CPU
		{652E7616-48B9-4C88-878A-1F25AC54D8B1}.Release|x86.ActiveCfg = Release|Any CPU
		{652E7616-48B9-4C88-878A-1F25AC54D8B1}.Release|x86.Build.0 = Release|Any CPU
	EndGlobalSection
	GlobalSection(SolutionProperties) = preSolution
		HideSolutionNode = FALSE
	EndGlobalSection
	GlobalSection(ExtensibilityGlobals) = postSolution
		SolutionGuid = {F63517CB-5DA6-402B-827C-240F1506C74C}
	EndGlobalSection
EndGlobal
