
Microsoft Visual Studio Solution File, Format Version 12.00
# Visual Studio Version 16
VisualStudioVersion = 16.0.30204.135
MinimumVisualStudioVersion = 10.0.40219.1
Project("{9A19103F-16F7-4668-BE54-9A1E7A4F7556}") = "TestMaster", "TestMaster.csproj", "{A6B58520-EBA0-4CCF-BFA8-EF82174E075A}"
EndProject
Project("{9A19103F-16F7-4668-BE54-9A1E7A4F7556}") = "EltraCommon", "..\..\..\xternals\common\EltraCommon\EltraCommon.csproj", "{F08E8FE6-A2AE-4E56-8867-8499F8E29A68}"
EndProject
Project("{9A19103F-16F7-4668-BE54-9A1E7A4F7556}") = "EltraConnector", "..\..\..\connect\EltraConnector\EltraConnector.csproj", "{7A380EBB-5620-47D6-999B-AFD3C5B47E56}"
EndProject
Global
	GlobalSection(SolutionConfigurationPlatforms) = preSolution
		Debug|Any CPU = Debug|Any CPU
		Release|Any CPU = Release|Any CPU
	EndGlobalSection
	GlobalSection(ProjectConfigurationPlatforms) = postSolution
		{A6B58520-EBA0-4CCF-BFA8-EF82174E075A}.Debug|Any CPU.ActiveCfg = Debug|Any CPU
		{A6B58520-EBA0-4CCF-BFA8-EF82174E075A}.Debug|Any CPU.Build.0 = Debug|Any CPU
		{A6B58520-EBA0-4CCF-BFA8-EF82174E075A}.Release|Any CPU.ActiveCfg = Release|Any CPU
		{A6B58520-EBA0-4CCF-BFA8-EF82174E075A}.Release|Any CPU.Build.0 = Release|Any CPU
		{F08E8FE6-A2AE-4E56-8867-8499F8E29A68}.Debug|Any CPU.ActiveCfg = Debug|Any CPU
		{F08E8FE6-A2AE-4E56-8867-8499F8E29A68}.Debug|Any CPU.Build.0 = Debug|Any CPU
		{F08E8FE6-A2AE-4E56-8867-8499F8E29A68}.Release|Any CPU.ActiveCfg = Release|Any CPU
		{F08E8FE6-A2AE-4E56-8867-8499F8E29A68}.Release|Any CPU.Build.0 = Release|Any CPU
		{7A380EBB-5620-47D6-999B-AFD3C5B47E56}.Debug|Any CPU.ActiveCfg = Debug|Any CPU
		{7A380EBB-5620-47D6-999B-AFD3C5B47E56}.Debug|Any CPU.Build.0 = Debug|Any CPU
		{7A380EBB-5620-47D6-999B-AFD3C5B47E56}.Release|Any CPU.ActiveCfg = Release|Any CPU
		{7A380EBB-5620-47D6-999B-AFD3C5B47E56}.Release|Any CPU.Build.0 = Release|Any CPU
	EndGlobalSection
	GlobalSection(SolutionProperties) = preSolution
		HideSolutionNode = FALSE
	EndGlobalSection
	GlobalSection(ExtensibilityGlobals) = postSolution
		SolutionGuid = {557D5953-C783-4F41-B460-CF09AD3AC4F9}
	EndGlobalSection
EndGlobal
