
Microsoft Visual Studio Solution File, Format Version 12.00
# Visual Studio Version 16
VisualStudioVersion = 16.0.30611.23
MinimumVisualStudioVersion = 10.0.40219.1
Project("{9A19103F-16F7-4668-BE54-9A1E7A4F7556}") = "WpfEltraNavigoMPlayer", "WpfEltraNavigoMPlayer.csproj", "{99D1860E-8FF5-4199-B4EC-3D3AB9E08435}"
EndProject
Project("{9A19103F-16F7-4668-BE54-9A1E7A4F7556}") = "EltraCommon", "..\..\..\..\xternals\common\EltraCommon\EltraCommon.csproj", "{DCA566B5-843E-4B60-A8EF-50D0457BE449}"
EndProject
Project("{9A19103F-16F7-4668-BE54-9A1E7A4F7556}") = "EltraUiCommon", "..\..\..\..\xternals\common\EltraUiCommon\EltraUiCommon.csproj", "{578C111A-80C1-47E7-95E4-8C6278EF7E7E}"
EndProject
Project("{9A19103F-16F7-4668-BE54-9A1E7A4F7556}") = "EltraWpfCommon", "..\..\..\..\xternals\common\EltraWpfCommon\EltraWpfCommon.csproj", "{929AB79B-4857-4432-A905-53BF1BCCE41A}"
EndProject
Global
	GlobalSection(SolutionConfigurationPlatforms) = preSolution
		Debug|Any CPU = Debug|Any CPU
		Release|Any CPU = Release|Any CPU
	EndGlobalSection
	GlobalSection(ProjectConfigurationPlatforms) = postSolution
		{99D1860E-8FF5-4199-B4EC-3D3AB9E08435}.Debug|Any CPU.ActiveCfg = Debug|Any CPU
		{99D1860E-8FF5-4199-B4EC-3D3AB9E08435}.Debug|Any CPU.Build.0 = Debug|Any CPU
		{99D1860E-8FF5-4199-B4EC-3D3AB9E08435}.Release|Any CPU.ActiveCfg = Release|Any CPU
		{99D1860E-8FF5-4199-B4EC-3D3AB9E08435}.Release|Any CPU.Build.0 = Release|Any CPU
		{DCA566B5-843E-4B60-A8EF-50D0457BE449}.Debug|Any CPU.ActiveCfg = Debug|Any CPU
		{DCA566B5-843E-4B60-A8EF-50D0457BE449}.Debug|Any CPU.Build.0 = Debug|Any CPU
		{DCA566B5-843E-4B60-A8EF-50D0457BE449}.Release|Any CPU.ActiveCfg = Release|Any CPU
		{DCA566B5-843E-4B60-A8EF-50D0457BE449}.Release|Any CPU.Build.0 = Release|Any CPU
		{578C111A-80C1-47E7-95E4-8C6278EF7E7E}.Debug|Any CPU.ActiveCfg = Debug|Any CPU
		{578C111A-80C1-47E7-95E4-8C6278EF7E7E}.Debug|Any CPU.Build.0 = Debug|Any CPU
		{578C111A-80C1-47E7-95E4-8C6278EF7E7E}.Release|Any CPU.ActiveCfg = Release|Any CPU
		{578C111A-80C1-47E7-95E4-8C6278EF7E7E}.Release|Any CPU.Build.0 = Release|Any CPU
		{929AB79B-4857-4432-A905-53BF1BCCE41A}.Debug|Any CPU.ActiveCfg = Debug|Any CPU
		{929AB79B-4857-4432-A905-53BF1BCCE41A}.Debug|Any CPU.Build.0 = Debug|Any CPU
		{929AB79B-4857-4432-A905-53BF1BCCE41A}.Release|Any CPU.ActiveCfg = Release|Any CPU
		{929AB79B-4857-4432-A905-53BF1BCCE41A}.Release|Any CPU.Build.0 = Release|Any CPU
	EndGlobalSection
	GlobalSection(SolutionProperties) = preSolution
		HideSolutionNode = FALSE
	EndGlobalSection
	GlobalSection(ExtensibilityGlobals) = postSolution
		SolutionGuid = {0E844F96-D5CC-4132-A5C2-BE5A64CE9E2C}
	EndGlobalSection
EndGlobal
