
Microsoft Visual Studio Solution File, Format Version 12.00
# Visual Studio Version 16
VisualStudioVersion = 16.0.30611.23
MinimumVisualStudioVersion = 10.0.40219.1
Project("{9A19103F-16F7-4668-BE54-9A1E7A4F7556}") = "EltraNavigoRelay", "EltraNavigoRelay.csproj", "{B7C12876-2AA7-4302-B335-97877218AEE8}"
EndProject
Global
	GlobalSection(SolutionConfigurationPlatforms) = preSolution
		Debug|Any CPU = Debug|Any CPU
		Release|Any CPU = Release|Any CPU
	EndGlobalSection
	GlobalSection(ProjectConfigurationPlatforms) = postSolution
		{B7C12876-2AA7-4302-B335-97877218AEE8}.Debug|Any CPU.ActiveCfg = Debug|Any CPU
		{B7C12876-2AA7-4302-B335-97877218AEE8}.Debug|Any CPU.Build.0 = Debug|Any CPU
		{B7C12876-2AA7-4302-B335-97877218AEE8}.Release|Any CPU.ActiveCfg = Release|Any CPU
		{B7C12876-2AA7-4302-B335-97877218AEE8}.Release|Any CPU.Build.0 = Release|Any CPU
	EndGlobalSection
	GlobalSection(SolutionProperties) = preSolution
		HideSolutionNode = FALSE
	EndGlobalSection
	GlobalSection(ExtensibilityGlobals) = postSolution
		SolutionGuid = {053E9543-74EF-457D-BD96-7B42D64429DF}
	EndGlobalSection
EndGlobal
